// !$*UTF8*$!
{
	archiveVersion = 1;
	classes = {
	};
	objectVersion = 46;
	objects = {

/* Begin PBXBuildFile section */
		021BC1631C79C7DF009CEC4C /* Main.storyboard in Resources */ = {isa = PBXBuildFile; fileRef = 021BC1621C79C7DF009CEC4C /* Main.storyboard */; };
		02331CD21CBA3E6E00A14AD3 /* 45 degree knee highs.mov in Resources */ = {isa = PBXBuildFile; fileRef = 02331CCC1CBA3E6E00A14AD3 /* 45 degree knee highs.mov */; };
		02331CD31CBA3E6E00A14AD3 /* Explosive burpees.mov in Resources */ = {isa = PBXBuildFile; fileRef = 02331CCD1CBA3E6E00A14AD3 /* Explosive burpees.mov */; };
		02331CD41CBA3E6E00A14AD3 /* Front and Side step shuffle.mov in Resources */ = {isa = PBXBuildFile; fileRef = 02331CCE1CBA3E6E00A14AD3 /* Front and Side step shuffle.mov */; };
		02331CD51CBA3E6E00A14AD3 /* Parallel Bands.mov in Resources */ = {isa = PBXBuildFile; fileRef = 02331CCF1CBA3E6E00A14AD3 /* Parallel Bands.mov */; };
		02331CD61CBA3E6E00A14AD3 /* Rhythmic V-kicks.mov in Resources */ = {isa = PBXBuildFile; fileRef = 02331CD01CBA3E6E00A14AD3 /* Rhythmic V-kicks.mov */; };
		02331CD71CBA3E6E00A14AD3 /* Speed skater with cone touch.mov in Resources */ = {isa = PBXBuildFile; fileRef = 02331CD11CBA3E6E00A14AD3 /* Speed skater with cone touch.mov */; };
		02331CDE1CBA3F2E00A14AD3 /* Bench knee flutter kicks to knee crunches.mov in Resources */ = {isa = PBXBuildFile; fileRef = 02331CD81CBA3F2E00A14AD3 /* Bench knee flutter kicks to knee crunches.mov */; };
		02331CDF1CBA3F2E00A14AD3 /* Hand plank stability ball knee ups.mov in Resources */ = {isa = PBXBuildFile; fileRef = 02331CD91CBA3F2E00A14AD3 /* Hand plank stability ball knee ups.mov */; };
		02331CE01CBA3F2E00A14AD3 /* Med ball.mov in Resources */ = {isa = PBXBuildFile; fileRef = 02331CDA1CBA3F2E00A14AD3 /* Med ball.mov */; };
		02331CE11CBA3F2E00A14AD3 /* Standing single arm obliques.mov in Resources */ = {isa = PBXBuildFile; fileRef = 02331CDB1CBA3F2E00A14AD3 /* Standing single arm obliques.mov */; };
		02331CE21CBA3F2E00A14AD3 /* Superman.mov in Resources */ = {isa = PBXBuildFile; fileRef = 02331CDC1CBA3F2E00A14AD3 /* Superman.mov */; };
		02331CE31CBA3F2E00A14AD3 /* V-Ups.mov in Resources */ = {isa = PBXBuildFile; fileRef = 02331CDD1CBA3F2E00A14AD3 /* V-Ups.mov */; };
		02331CEA1CBA401800A14AD3 /* Dumbbell squat to arm snatch.mov in Resources */ = {isa = PBXBuildFile; fileRef = 02331CE41CBA401800A14AD3 /* Dumbbell squat to arm snatch.mov */; };
		02331CEB1CBA401800A14AD3 /* Dumbbell squat to twisting millitary press.mov in Resources */ = {isa = PBXBuildFile; fileRef = 02331CE51CBA401800A14AD3 /* Dumbbell squat to twisting millitary press.mov */; };
		02331CEC1CBA401800A14AD3 /* Med ball push up to burpee.mov in Resources */ = {isa = PBXBuildFile; fileRef = 02331CE61CBA401800A14AD3 /* Med ball push up to burpee.mov */; };
		02331CED1CBA401800A14AD3 /* Standing dumbbell woodchop.mov in Resources */ = {isa = PBXBuildFile; fileRef = 02331CE71CBA401800A14AD3 /* Standing dumbbell woodchop.mov */; };
		02331CEE1CBA401800A14AD3 /* Stationary lunge to hammer curl press.mov in Resources */ = {isa = PBXBuildFile; fileRef = 02331CE81CBA401800A14AD3 /* Stationary lunge to hammer curl press.mov */; };
		02331CEF1CBA401800A14AD3 /* Weighted spider-man push ups.mov in Resources */ = {isa = PBXBuildFile; fileRef = 02331CE91CBA401800A14AD3 /* Weighted spider-man push ups.mov */; };
		02331CF61CBA40B300A14AD3 /* Curtsy lunge.mov in Resources */ = {isa = PBXBuildFile; fileRef = 02331CF01CBA40B300A14AD3 /* Curtsy lunge.mov */; };
		02331CF71CBA40B300A14AD3 /* Dumbbell walking lunges.mov in Resources */ = {isa = PBXBuildFile; fileRef = 02331CF11CBA40B300A14AD3 /* Dumbbell walking lunges.mov */; };
		02331CF81CBA40B300A14AD3 /* Lateral lunge with plate slide.mov in Resources */ = {isa = PBXBuildFile; fileRef = 02331CF21CBA40B300A14AD3 /* Lateral lunge with plate slide.mov */; };
		02331CF91CBA40B300A14AD3 /* Med ball pump and jump.mov in Resources */ = {isa = PBXBuildFile; fileRef = 02331CF31CBA40B300A14AD3 /* Med ball pump and jump.mov */; };
		02331CFA1CBA40B300A14AD3 /* Single leg bench squat.mov in Resources */ = {isa = PBXBuildFile; fileRef = 02331CF41CBA40B300A14AD3 /* Single leg bench squat.mov */; };
		02331CFB1CBA40B300A14AD3 /* Single leg negative sit squats.mov in Resources */ = {isa = PBXBuildFile; fileRef = 02331CF51CBA40B300A14AD3 /* Single leg negative sit squats.mov */; };
		02331D021CBA41B900A14AD3 /* Alternating frontal and lateral deltoid lifts.mov in Resources */ = {isa = PBXBuildFile; fileRef = 02331CFC1CBA41B900A14AD3 /* Alternating frontal and lateral deltoid lifts.mov */; };
		02331D031CBA41B900A14AD3 /* Dumbbell alternating drop chest press.mov in Resources */ = {isa = PBXBuildFile; fileRef = 02331CFD1CBA41B900A14AD3 /* Dumbbell alternating drop chest press.mov */; };
		02331D041CBA41B900A14AD3 /* Incline bench dumbbell rows.mov in Resources */ = {isa = PBXBuildFile; fileRef = 02331CFE1CBA41B900A14AD3 /* Incline bench dumbbell rows.mov */; };
		02331D051CBA41B900A14AD3 /* Press pull biceps curls.mov in Resources */ = {isa = PBXBuildFile; fileRef = 02331CFF1CBA41B900A14AD3 /* Press pull biceps curls.mov */; };
		02331D061CBA41B900A14AD3 /* Rollie pollie med ball push up.mov in Resources */ = {isa = PBXBuildFile; fileRef = 02331D001CBA41B900A14AD3 /* Rollie pollie med ball push up.mov */; };
		02331D071CBA41B900A14AD3 /* Stability ball triceps extension.mov in Resources */ = {isa = PBXBuildFile; fileRef = 02331D011CBA41B900A14AD3 /* Stability ball triceps extension.mov */; };
		023ACA471CE271720011D98A /* swipeleft.png in Resources */ = {isa = PBXBuildFile; fileRef = 023ACA461CE271720011D98A /* swipeleft.png */; };
		023F118B1C915D5000DB0CE9 /* SWRevealViewController.m in Sources */ = {isa = PBXBuildFile; fileRef = 023F118A1C915D5000DB0CE9 /* SWRevealViewController.m */; };
		023F118E1C9162F700DB0CE9 /* slideMenuViewController.m in Sources */ = {isa = PBXBuildFile; fileRef = 023F118D1C9162F700DB0CE9 /* slideMenuViewController.m */; };
		024383861C462675007BCE3F /* ListOfPractices.m in Sources */ = {isa = PBXBuildFile; fileRef = 024383851C462675007BCE3F /* ListOfPractices.m */; };
		024C231B1C7B15F100B0F31D /* CustomCellBuildWorkout.m in Sources */ = {isa = PBXBuildFile; fileRef = 024C231A1C7B15F100B0F31D /* CustomCellBuildWorkout.m */; };
		024C231D1C7B161C00B0F31D /* CustomCellBuildWorkout.xib in Resources */ = {isa = PBXBuildFile; fileRef = 024C231C1C7B161C00B0F31D /* CustomCellBuildWorkout.xib */; };
		025826B51CE19372009C2C0E /* FAQ.m in Sources */ = {isa = PBXBuildFile; fileRef = 025826B41CE19372009C2C0E /* FAQ.m */; };
		025826B71CE1993E009C2C0E /* Ladder Drills.jpg in Resources */ = {isa = PBXBuildFile; fileRef = 025826B61CE1993E009C2C0E /* Ladder Drills.jpg */; };
		026B017F1C48A36B005FED38 /* collectionCell.m in Sources */ = {isa = PBXBuildFile; fileRef = 026B017E1C48A36B005FED38 /* collectionCell.m */; };
		026B01851C48BD40005FED38 /* SelectTimerController.m in Sources */ = {isa = PBXBuildFile; fileRef = 026B01841C48BD40005FED38 /* SelectTimerController.m */; };
		02747D111C40E54A0023D9C8 /* ListOfExercises.m in Sources */ = {isa = PBXBuildFile; fileRef = 02747D101C40E54A0023D9C8 /* ListOfExercises.m */; };
		02747D141C40E6320023D9C8 /* CustomCell.m in Sources */ = {isa = PBXBuildFile; fileRef = 02747D131C40E6320023D9C8 /* CustomCell.m */; };
		0276BE841C40958200DCB510 /* main.m in Sources */ = {isa = PBXBuildFile; fileRef = 0276BE831C40958200DCB510 /* main.m */; };
		0276BE871C40958200DCB510 /* AppDelegate.m in Sources */ = {isa = PBXBuildFile; fileRef = 0276BE861C40958200DCB510 /* AppDelegate.m */; };
		0276BE8A1C40958200DCB510 /* ViewController.m in Sources */ = {isa = PBXBuildFile; fileRef = 0276BE891C40958200DCB510 /* ViewController.m */; };
		0276BE901C40958200DCB510 /* chasingFITness.xcdatamodeld in Sources */ = {isa = PBXBuildFile; fileRef = 0276BE8E1C40958200DCB510 /* chasingFITness.xcdatamodeld */; };
		0276BE921C40958200DCB510 /* Assets.xcassets in Resources */ = {isa = PBXBuildFile; fileRef = 0276BE911C40958200DCB510 /* Assets.xcassets */; };
		0276BE951C40958200DCB510 /* LaunchScreen.storyboard in Resources */ = {isa = PBXBuildFile; fileRef = 0276BE931C40958200DCB510 /* LaunchScreen.storyboard */; };
		0276BEA01C40958200DCB510 /* chasingFITnessTests.m in Sources */ = {isa = PBXBuildFile; fileRef = 0276BE9F1C40958200DCB510 /* chasingFITnessTests.m */; };
		0276BEAB1C40958200DCB510 /* chasingFITnessUITests.m in Sources */ = {isa = PBXBuildFile; fileRef = 0276BEAA1C40958200DCB510 /* chasingFITnessUITests.m */; };
		027DA2101CAE1B62007FE515 /* chasingFit.png in Resources */ = {isa = PBXBuildFile; fileRef = 027DA20F1CAE1B62007FE515 /* chasingFit.png */; };
		027DA2131CAE3DD1007FE515 /* MenuListOfExercises.m in Sources */ = {isa = PBXBuildFile; fileRef = 027DA2121CAE3DD1007FE515 /* MenuListOfExercises.m */; };
		028111A61C643606007DE964 /* playButton.png in Resources */ = {isa = PBXBuildFile; fileRef = 028111A51C643606007DE964 /* playButton.png */; };
		028117FD1C509E3C001E45AE /* AVPlayerClass.m in Sources */ = {isa = PBXBuildFile; fileRef = 028117FC1C509E3C001E45AE /* AVPlayerClass.m */; };
		028926D01C4E22220059C2A4 /* VideoView.m in Sources */ = {isa = PBXBuildFile; fileRef = 028926CF1C4E22220059C2A4 /* VideoView.m */; };
		028926D51C4E2A580059C2A4 /* chasingFIT logotypeBLACK.png in Resources */ = {isa = PBXBuildFile; fileRef = 028926D31C4E2A580059C2A4 /* chasingFIT logotypeBLACK.png */; };
		028926D61C4E2A580059C2A4 /* chasingFIT logotypeWHITE.png in Resources */ = {isa = PBXBuildFile; fileRef = 028926D41C4E2A580059C2A4 /* chasingFIT logotypeWHITE.png */; };
		0290364E1CD9C4A300F18A6E /* StoreKit.framework in Frameworks */ = {isa = PBXBuildFile; fileRef = 0290364D1CD9C4A300F18A6E /* StoreKit.framework */; };
		029036531CD9C8E300F18A6E /* PurchaseViewController.m in Sources */ = {isa = PBXBuildFile; fileRef = 029036521CD9C8E300F18A6E /* PurchaseViewController.m */; };
		029036571CD9CB6A00F18A6E /* PurchaseViewController.xib in Resources */ = {isa = PBXBuildFile; fileRef = 029036561CD9CB6A00F18A6E /* PurchaseViewController.xib */; };
		0294D0A61CC9FC0E0037B013 /* Ladder Drills.mov in Resources */ = {isa = PBXBuildFile; fileRef = 0294D0A51CC9FC0E0037B013 /* Ladder Drills.mov */; };
		029590B21C61CD3700B2F304 /* readData.m in Sources */ = {isa = PBXBuildFile; fileRef = 029590B11C61CD3700B2F304 /* readData.m */; };
		029590B61C61E1AD00B2F304 /* TextData.json in Resources */ = {isa = PBXBuildFile; fileRef = 029590B51C61E1AD00B2F304 /* TextData.json */; };
		029590BC1C61F77900B2F304 /* intro.mov in Resources */ = {isa = PBXBuildFile; fileRef = 029590BB1C61F77900B2F304 /* intro.mov */; };
		029590BF1C6203B300B2F304 /* buildWorkoutViewController.m in Sources */ = {isa = PBXBuildFile; fileRef = 029590BE1C6203B300B2F304 /* buildWorkoutViewController.m */; };
		02B120931CB09EFD004CA64C /* CF-Apps-icon-v2-120x.jpg in Resources */ = {isa = PBXBuildFile; fileRef = 02B1208D1CB09EFD004CA64C /* CF-Apps-icon-v2-120x.jpg */; };
		02B120941CB09EFD004CA64C /* CF-Apps-icon-v2-120x.png in Resources */ = {isa = PBXBuildFile; fileRef = 02B1208E1CB09EFD004CA64C /* CF-Apps-icon-v2-120x.png */; };
		02B120951CB09EFD004CA64C /* CF-Apps-icon-v2-180x.jpg in Resources */ = {isa = PBXBuildFile; fileRef = 02B1208F1CB09EFD004CA64C /* CF-Apps-icon-v2-180x.jpg */; };
		02B120961CB09EFD004CA64C /* CF-Apps-icon-v2-180x.png in Resources */ = {isa = PBXBuildFile; fileRef = 02B120901CB09EFD004CA64C /* CF-Apps-icon-v2-180x.png */; };
		02B120971CB09EFD004CA64C /* CF-Apps-icon-v2-1024x.jpg in Resources */ = {isa = PBXBuildFile; fileRef = 02B120911CB09EFD004CA64C /* CF-Apps-icon-v2-1024x.jpg */; };
		02B120981CB09EFD004CA64C /* CF-Apps-icon-v2-1024x.png in Resources */ = {isa = PBXBuildFile; fileRef = 02B120921CB09EFD004CA64C /* CF-Apps-icon-v2-1024x.png */; };
		02D116A21CB2465000207176 /* CustomWorkoutSetClass.m in Sources */ = {isa = PBXBuildFile; fileRef = 02D116A11CB2465000207176 /* CustomWorkoutSetClass.m */; };
		02D2E4F81CB9F37800F2D9A1 /* SaveRoutinesViewController.m in Sources */ = {isa = PBXBuildFile; fileRef = 02D2E4F71CB9F37800F2D9A1 /* SaveRoutinesViewController.m */; };
		02D2E4FB1CB9F64500F2D9A1 /* CustomSavedRoutinesCell.m in Sources */ = {isa = PBXBuildFile; fileRef = 02D2E4FA1CB9F64500F2D9A1 /* CustomSavedRoutinesCell.m */; };
		02D2E4FD1CB9F68500F2D9A1 /* CustomSavedRoutinesCell.xib in Resources */ = {isa = PBXBuildFile; fileRef = 02D2E4FC1CB9F68500F2D9A1 /* CustomSavedRoutinesCell.xib */; };
		02D99A331C7D979E00173D7C /* MultiVideoViewController.m in Sources */ = {isa = PBXBuildFile; fileRef = 02D99A321C7D979E00173D7C /* MultiVideoViewController.m */; };
		02D99A361C7D990600173D7C /* VideoCustomView.m in Sources */ = {isa = PBXBuildFile; fileRef = 02D99A351C7D990600173D7C /* VideoCustomView.m */; };
		02D99A381C7D991A00173D7C /* VideoCustomView.xib in Resources */ = {isa = PBXBuildFile; fileRef = 02D99A371C7D991A00173D7C /* VideoCustomView.xib */; };
		02D99A3E1C7DAC8C00173D7C /* NavigationViewController.m in Sources */ = {isa = PBXBuildFile; fileRef = 02D99A3D1C7DAC8C00173D7C /* NavigationViewController.m */; };
		02DBD90E1C4428DD001DAA83 /* Agility_Icon.jpg in Resources */ = {isa = PBXBuildFile; fileRef = 02DBD9091C4428DD001DAA83 /* Agility_Icon.jpg */; };
		02DBD90F1C4428DD001DAA83 /* Core_Icon.jpg in Resources */ = {isa = PBXBuildFile; fileRef = 02DBD90A1C4428DD001DAA83 /* Core_Icon.jpg */; };
		02DBD9101C4428DD001DAA83 /* Full Body Icon_Icon.jpg in Resources */ = {isa = PBXBuildFile; fileRef = 02DBD90B1C4428DD001DAA83 /* Full Body Icon_Icon.jpg */; };
		02DBD9111C4428DD001DAA83 /* Lower Body_Icon.jpg in Resources */ = {isa = PBXBuildFile; fileRef = 02DBD90C1C4428DD001DAA83 /* Lower Body_Icon.jpg */; };
		02DBD9121C4428DD001DAA83 /* Upper Body_Icon.jpg in Resources */ = {isa = PBXBuildFile; fileRef = 02DBD90D1C4428DD001DAA83 /* Upper Body_Icon.jpg */; };
		02DBD9151C442A74001DAA83 /* Full Body Icon_Splash.jpg in Resources */ = {isa = PBXBuildFile; fileRef = 02DBD9141C442A74001DAA83 /* Full Body Icon_Splash.jpg */; };
		02DBD9171C442B5C001DAA83 /* slider3.jpg in Resources */ = {isa = PBXBuildFile; fileRef = 02DBD9161C442B5C001DAA83 /* slider3.jpg */; };
		02DBD9191C442D77001DAA83 /* menuButtonImage.png in Resources */ = {isa = PBXBuildFile; fileRef = 02DBD9181C442D77001DAA83 /* menuButtonImage.png */; };
		02E3F3EC1CA929D300F3EDD0 /* ContactsViewController.m in Sources */ = {isa = PBXBuildFile; fileRef = 02E3F3EB1CA929D300F3EDD0 /* ContactsViewController.m */; };
		02E3F40D1CA9422900F3EDD0 /* Bench knee flutter kicks to knee crunches.jpg in Resources */ = {isa = PBXBuildFile; fileRef = 02E3F4071CA9422900F3EDD0 /* Bench knee flutter kicks to knee crunches.jpg */; };
		02E3F40E1CA9422900F3EDD0 /* Hand plank stability ball knee ups.jpg in Resources */ = {isa = PBXBuildFile; fileRef = 02E3F4081CA9422900F3EDD0 /* Hand plank stability ball knee ups.jpg */; };
		02E3F40F1CA9422900F3EDD0 /* Med ball.jpg in Resources */ = {isa = PBXBuildFile; fileRef = 02E3F4091CA9422900F3EDD0 /* Med ball.jpg */; };
		02E3F4101CA9422900F3EDD0 /* Standing single arm obliques.jpg in Resources */ = {isa = PBXBuildFile; fileRef = 02E3F40A1CA9422900F3EDD0 /* Standing single arm obliques.jpg */; };
		02E3F4111CA9422900F3EDD0 /* Superman.jpg in Resources */ = {isa = PBXBuildFile; fileRef = 02E3F40B1CA9422900F3EDD0 /* Superman.jpg */; };
		02E3F4121CA9422900F3EDD0 /* V-Ups.jpg in Resources */ = {isa = PBXBuildFile; fileRef = 02E3F40C1CA9422900F3EDD0 /* V-Ups.jpg */; };
		02E3F41A1CA9427C00F3EDD0 /* 45 degree knee highs.jpg in Resources */ = {isa = PBXBuildFile; fileRef = 02E3F4141CA9427C00F3EDD0 /* 45 degree knee highs.jpg */; };
		02E3F41B1CA9427C00F3EDD0 /* Explosive burpees.jpg in Resources */ = {isa = PBXBuildFile; fileRef = 02E3F4151CA9427C00F3EDD0 /* Explosive burpees.jpg */; };
		02E3F41C1CA9427C00F3EDD0 /* Front and Side step shuffle.jpg in Resources */ = {isa = PBXBuildFile; fileRef = 02E3F4161CA9427C00F3EDD0 /* Front and Side step shuffle.jpg */; };
		02E3F41D1CA9427C00F3EDD0 /* Parallel Bands.jpg in Resources */ = {isa = PBXBuildFile; fileRef = 02E3F4171CA9427C00F3EDD0 /* Parallel Bands.jpg */; };
		02E3F41E1CA9427C00F3EDD0 /* Rhythmic V-kicks.jpg in Resources */ = {isa = PBXBuildFile; fileRef = 02E3F4181CA9427C00F3EDD0 /* Rhythmic V-kicks.jpg */; };
		02E3F41F1CA9427C00F3EDD0 /* Speed skater with cone touch.jpg in Resources */ = {isa = PBXBuildFile; fileRef = 02E3F4191CA9427C00F3EDD0 /* Speed skater with cone touch.jpg */; };
		02E3F4271CA942BB00F3EDD0 /* Alternating frontal and lateral deltoid lifts.jpg in Resources */ = {isa = PBXBuildFile; fileRef = 02E3F4211CA942BB00F3EDD0 /* Alternating frontal and lateral deltoid lifts.jpg */; };
		02E3F4281CA942BB00F3EDD0 /* Dumbbell alternating drop chest press.jpg in Resources */ = {isa = PBXBuildFile; fileRef = 02E3F4221CA942BB00F3EDD0 /* Dumbbell alternating drop chest press.jpg */; };
		02E3F4291CA942BB00F3EDD0 /* Incline bench dumbbell rows.jpg in Resources */ = {isa = PBXBuildFile; fileRef = 02E3F4231CA942BB00F3EDD0 /* Incline bench dumbbell rows.jpg */; };
		02E3F42A1CA942BB00F3EDD0 /* Press pull biceps curls.jpg in Resources */ = {isa = PBXBuildFile; fileRef = 02E3F4241CA942BB00F3EDD0 /* Press pull biceps curls.jpg */; };
		02E3F42B1CA942BB00F3EDD0 /* Rollie pollie med ball push up.jpg in Resources */ = {isa = PBXBuildFile; fileRef = 02E3F4251CA942BB00F3EDD0 /* Rollie pollie med ball push up.jpg */; };
		02E3F42C1CA942BB00F3EDD0 /* Stability ball triceps extension.jpg in Resources */ = {isa = PBXBuildFile; fileRef = 02E3F4261CA942BB00F3EDD0 /* Stability ball triceps extension.jpg */; };
		02E3F4341CA942E500F3EDD0 /* Curtsy lunge.jpg in Resources */ = {isa = PBXBuildFile; fileRef = 02E3F42E1CA942E500F3EDD0 /* Curtsy lunge.jpg */; };
		02E3F4351CA942E500F3EDD0 /* Dumbbell walking lunges.jpg in Resources */ = {isa = PBXBuildFile; fileRef = 02E3F42F1CA942E500F3EDD0 /* Dumbbell walking lunges.jpg */; };
		02E3F4361CA942E500F3EDD0 /* Lateral lunge with plate slide.jpg in Resources */ = {isa = PBXBuildFile; fileRef = 02E3F4301CA942E500F3EDD0 /* Lateral lunge with plate slide.jpg */; };
		02E3F4371CA942E500F3EDD0 /* Med ball pump and jump.jpg in Resources */ = {isa = PBXBuildFile; fileRef = 02E3F4311CA942E500F3EDD0 /* Med ball pump and jump.jpg */; };
		02E3F4381CA942E500F3EDD0 /* Single leg bench squat.jpg in Resources */ = {isa = PBXBuildFile; fileRef = 02E3F4321CA942E500F3EDD0 /* Single leg bench squat.jpg */; };
		02E3F4391CA942E500F3EDD0 /* Single leg negative sit squats.jpg in Resources */ = {isa = PBXBuildFile; fileRef = 02E3F4331CA942E500F3EDD0 /* Single leg negative sit squats.jpg */; };
		02E3F4411CA9431400F3EDD0 /* Dumbbell squat to arm snatch.jpg in Resources */ = {isa = PBXBuildFile; fileRef = 02E3F43B1CA9431400F3EDD0 /* Dumbbell squat to arm snatch.jpg */; };
		02E3F4421CA9431400F3EDD0 /* Dumbbell squat to twisting millitary press.jpg in Resources */ = {isa = PBXBuildFile; fileRef = 02E3F43C1CA9431400F3EDD0 /* Dumbbell squat to twisting millitary press.jpg */; };
		02E3F4431CA9431400F3EDD0 /* Med ball push up to burpee.jpg in Resources */ = {isa = PBXBuildFile; fileRef = 02E3F43D1CA9431400F3EDD0 /* Med ball push up to burpee.jpg */; };
		02E3F4441CA9431400F3EDD0 /* Standing dumbbell woodchop.jpg in Resources */ = {isa = PBXBuildFile; fileRef = 02E3F43E1CA9431400F3EDD0 /* Standing dumbbell woodchop.jpg */; };
		02E3F4451CA9431400F3EDD0 /* Stationary lunge to hammer curl press.jpg in Resources */ = {isa = PBXBuildFile; fileRef = 02E3F43F1CA9431400F3EDD0 /* Stationary lunge to hammer curl press.jpg */; };
		02E3F4461CA9431400F3EDD0 /* Weighted spider-man push ups.jpg in Resources */ = {isa = PBXBuildFile; fileRef = 02E3F4401CA9431400F3EDD0 /* Weighted spider-man push ups.jpg */; };
		02EDB0FC1C436D6900EC0B03 /* SimpleTableCell.xib in Resources */ = {isa = PBXBuildFile; fileRef = 02EDB0FB1C436D6900EC0B03 /* SimpleTableCell.xib */; };
/* End PBXBuildFile section */

/* Begin PBXContainerItemProxy section */
		0276BE9C1C40958200DCB510 /* PBXContainerItemProxy */ = {
			isa = PBXContainerItemProxy;
			containerPortal = 0276BE771C40958200DCB510 /* Project object */;
			proxyType = 1;
			remoteGlobalIDString = 0276BE7E1C40958200DCB510;
			remoteInfo = chasingFITness;
		};
		0276BEA71C40958200DCB510 /* PBXContainerItemProxy */ = {
			isa = PBXContainerItemProxy;
			containerPortal = 0276BE771C40958200DCB510 /* Project object */;
			proxyType = 1;
			remoteGlobalIDString = 0276BE7E1C40958200DCB510;
			remoteInfo = chasingFITness;
		};
/* End PBXContainerItemProxy section */

/* Begin PBXFileReference section */
		021BC1621C79C7DF009CEC4C /* Main.storyboard */ = {isa = PBXFileReference; fileEncoding = 4; lastKnownFileType = file.storyboard; path = Main.storyboard; sourceTree = "<group>"; };
		02331CCC1CBA3E6E00A14AD3 /* 45 degree knee highs.mov */ = {isa = PBXFileReference; lastKnownFileType = video.quicktime; path = "45 degree knee highs.mov"; sourceTree = "<group>"; };
		02331CCD1CBA3E6E00A14AD3 /* Explosive burpees.mov */ = {isa = PBXFileReference; lastKnownFileType = video.quicktime; path = "Explosive burpees.mov"; sourceTree = "<group>"; };
		02331CCE1CBA3E6E00A14AD3 /* Front and Side step shuffle.mov */ = {isa = PBXFileReference; lastKnownFileType = video.quicktime; path = "Front and Side step shuffle.mov"; sourceTree = "<group>"; };
		02331CCF1CBA3E6E00A14AD3 /* Parallel Bands.mov */ = {isa = PBXFileReference; lastKnownFileType = video.quicktime; path = "Parallel Bands.mov"; sourceTree = "<group>"; };
		02331CD01CBA3E6E00A14AD3 /* Rhythmic V-kicks.mov */ = {isa = PBXFileReference; lastKnownFileType = video.quicktime; path = "Rhythmic V-kicks.mov"; sourceTree = "<group>"; };
		02331CD11CBA3E6E00A14AD3 /* Speed skater with cone touch.mov */ = {isa = PBXFileReference; lastKnownFileType = video.quicktime; path = "Speed skater with cone touch.mov"; sourceTree = "<group>"; };
		02331CD81CBA3F2E00A14AD3 /* Bench knee flutter kicks to knee crunches.mov */ = {isa = PBXFileReference; lastKnownFileType = video.quicktime; path = "Bench knee flutter kicks to knee crunches.mov"; sourceTree = "<group>"; };
		02331CD91CBA3F2E00A14AD3 /* Hand plank stability ball knee ups.mov */ = {isa = PBXFileReference; lastKnownFileType = video.quicktime; path = "Hand plank stability ball knee ups.mov"; sourceTree = "<group>"; };
		02331CDA1CBA3F2E00A14AD3 /* Med ball.mov */ = {isa = PBXFileReference; lastKnownFileType = video.quicktime; path = "Med ball.mov"; sourceTree = "<group>"; };
		02331CDB1CBA3F2E00A14AD3 /* Standing single arm obliques.mov */ = {isa = PBXFileReference; lastKnownFileType = video.quicktime; path = "Standing single arm obliques.mov"; sourceTree = "<group>"; };
		02331CDC1CBA3F2E00A14AD3 /* Superman.mov */ = {isa = PBXFileReference; lastKnownFileType = video.quicktime; path = Superman.mov; sourceTree = "<group>"; };
		02331CDD1CBA3F2E00A14AD3 /* V-Ups.mov */ = {isa = PBXFileReference; lastKnownFileType = video.quicktime; path = "V-Ups.mov"; sourceTree = "<group>"; };
		02331CE41CBA401800A14AD3 /* Dumbbell squat to arm snatch.mov */ = {isa = PBXFileReference; lastKnownFileType = video.quicktime; path = "Dumbbell squat to arm snatch.mov"; sourceTree = "<group>"; };
		02331CE51CBA401800A14AD3 /* Dumbbell squat to twisting millitary press.mov */ = {isa = PBXFileReference; lastKnownFileType = video.quicktime; path = "Dumbbell squat to twisting millitary press.mov"; sourceTree = "<group>"; };
		02331CE61CBA401800A14AD3 /* Med ball push up to burpee.mov */ = {isa = PBXFileReference; lastKnownFileType = video.quicktime; path = "Med ball push up to burpee.mov"; sourceTree = "<group>"; };
		02331CE71CBA401800A14AD3 /* Standing dumbbell woodchop.mov */ = {isa = PBXFileReference; lastKnownFileType = video.quicktime; path = "Standing dumbbell woodchop.mov"; sourceTree = "<group>"; };
		02331CE81CBA401800A14AD3 /* Stationary lunge to hammer curl press.mov */ = {isa = PBXFileReference; lastKnownFileType = video.quicktime; path = "Stationary lunge to hammer curl press.mov"; sourceTree = "<group>"; };
		02331CE91CBA401800A14AD3 /* Weighted spider-man push ups.mov */ = {isa = PBXFileReference; lastKnownFileType = video.quicktime; path = "Weighted spider-man push ups.mov"; sourceTree = "<group>"; };
		02331CF01CBA40B300A14AD3 /* Curtsy lunge.mov */ = {isa = PBXFileReference; lastKnownFileType = video.quicktime; path = "Curtsy lunge.mov"; sourceTree = "<group>"; };
		02331CF11CBA40B300A14AD3 /* Dumbbell walking lunges.mov */ = {isa = PBXFileReference; lastKnownFileType = video.quicktime; path = "Dumbbell walking lunges.mov"; sourceTree = "<group>"; };
		02331CF21CBA40B300A14AD3 /* Lateral lunge with plate slide.mov */ = {isa = PBXFileReference; lastKnownFileType = video.quicktime; path = "Lateral lunge with plate slide.mov"; sourceTree = "<group>"; };
		02331CF31CBA40B300A14AD3 /* Med ball pump and jump.mov */ = {isa = PBXFileReference; lastKnownFileType = video.quicktime; path = "Med ball pump and jump.mov"; sourceTree = "<group>"; };
		02331CF41CBA40B300A14AD3 /* Single leg bench squat.mov */ = {isa = PBXFileReference; lastKnownFileType = video.quicktime; path = "Single leg bench squat.mov"; sourceTree = "<group>"; };
		02331CF51CBA40B300A14AD3 /* Single leg negative sit squats.mov */ = {isa = PBXFileReference; lastKnownFileType = video.quicktime; path = "Single leg negative sit squats.mov"; sourceTree = "<group>"; };
		02331CFC1CBA41B900A14AD3 /* Alternating frontal and lateral deltoid lifts.mov */ = {isa = PBXFileReference; lastKnownFileType = video.quicktime; path = "Alternating frontal and lateral deltoid lifts.mov"; sourceTree = "<group>"; };
		02331CFD1CBA41B900A14AD3 /* Dumbbell alternating drop chest press.mov */ = {isa = PBXFileReference; lastKnownFileType = video.quicktime; path = "Dumbbell alternating drop chest press.mov"; sourceTree = "<group>"; };
		02331CFE1CBA41B900A14AD3 /* Incline bench dumbbell rows.mov */ = {isa = PBXFileReference; lastKnownFileType = video.quicktime; path = "Incline bench dumbbell rows.mov"; sourceTree = "<group>"; };
		02331CFF1CBA41B900A14AD3 /* Press pull biceps curls.mov */ = {isa = PBXFileReference; lastKnownFileType = video.quicktime; path = "Press pull biceps curls.mov"; sourceTree = "<group>"; };
		02331D001CBA41B900A14AD3 /* Rollie pollie med ball push up.mov */ = {isa = PBXFileReference; lastKnownFileType = video.quicktime; path = "Rollie pollie med ball push up.mov"; sourceTree = "<group>"; };
		02331D011CBA41B900A14AD3 /* Stability ball triceps extension.mov */ = {isa = PBXFileReference; lastKnownFileType = video.quicktime; path = "Stability ball triceps extension.mov"; sourceTree = "<group>"; };
		023ACA461CE271720011D98A /* swipeleft.png */ = {isa = PBXFileReference; lastKnownFileType = image.png; path = swipeleft.png; sourceTree = "<group>"; };
		023F11891C915D5000DB0CE9 /* SWRevealViewController.h */ = {isa = PBXFileReference; fileEncoding = 4; lastKnownFileType = sourcecode.c.h; path = SWRevealViewController.h; sourceTree = "<group>"; };
		023F118A1C915D5000DB0CE9 /* SWRevealViewController.m */ = {isa = PBXFileReference; fileEncoding = 4; lastKnownFileType = sourcecode.c.objc; path = SWRevealViewController.m; sourceTree = "<group>"; };
		023F118C1C9162F700DB0CE9 /* slideMenuViewController.h */ = {isa = PBXFileReference; fileEncoding = 4; lastKnownFileType = sourcecode.c.h; path = slideMenuViewController.h; sourceTree = "<group>"; };
		023F118D1C9162F700DB0CE9 /* slideMenuViewController.m */ = {isa = PBXFileReference; fileEncoding = 4; lastKnownFileType = sourcecode.c.objc; path = slideMenuViewController.m; sourceTree = "<group>"; };
		024383841C462675007BCE3F /* ListOfPractices.h */ = {isa = PBXFileReference; fileEncoding = 4; lastKnownFileType = sourcecode.c.h; name = ListOfPractices.h; path = ../ListOfPractices.h; sourceTree = "<group>"; };
		024383851C462675007BCE3F /* ListOfPractices.m */ = {isa = PBXFileReference; fileEncoding = 4; lastKnownFileType = sourcecode.c.objc; name = ListOfPractices.m; path = ../ListOfPractices.m; sourceTree = "<group>"; };
		024C23191C7B15F100B0F31D /* CustomCellBuildWorkout.h */ = {isa = PBXFileReference; fileEncoding = 4; lastKnownFileType = sourcecode.c.h; path = CustomCellBuildWorkout.h; sourceTree = "<group>"; };
		024C231A1C7B15F100B0F31D /* CustomCellBuildWorkout.m */ = {isa = PBXFileReference; fileEncoding = 4; lastKnownFileType = sourcecode.c.objc; path = CustomCellBuildWorkout.m; sourceTree = "<group>"; };
		024C231C1C7B161C00B0F31D /* CustomCellBuildWorkout.xib */ = {isa = PBXFileReference; fileEncoding = 4; lastKnownFileType = file.xib; path = CustomCellBuildWorkout.xib; sourceTree = "<group>"; };
		025826B31CE19372009C2C0E /* FAQ.h */ = {isa = PBXFileReference; fileEncoding = 4; lastKnownFileType = sourcecode.c.h; name = FAQ.h; path = ../FAQ.h; sourceTree = "<group>"; };
		025826B41CE19372009C2C0E /* FAQ.m */ = {isa = PBXFileReference; fileEncoding = 4; lastKnownFileType = sourcecode.c.objc; name = FAQ.m; path = ../FAQ.m; sourceTree = "<group>"; };
		025826B61CE1993E009C2C0E /* Ladder Drills.jpg */ = {isa = PBXFileReference; lastKnownFileType = image.jpeg; path = "Ladder Drills.jpg"; sourceTree = "<group>"; };
		026B017D1C48A36B005FED38 /* collectionCell.h */ = {isa = PBXFileReference; fileEncoding = 4; lastKnownFileType = sourcecode.c.h; path = collectionCell.h; sourceTree = "<group>"; };
		026B017E1C48A36B005FED38 /* collectionCell.m */ = {isa = PBXFileReference; fileEncoding = 4; lastKnownFileType = sourcecode.c.objc; path = collectionCell.m; sourceTree = "<group>"; };
		026B01831C48BD40005FED38 /* SelectTimerController.h */ = {isa = PBXFileReference; fileEncoding = 4; lastKnownFileType = sourcecode.c.h; path = SelectTimerController.h; sourceTree = "<group>"; };
		026B01841C48BD40005FED38 /* SelectTimerController.m */ = {isa = PBXFileReference; fileEncoding = 4; lastKnownFileType = sourcecode.c.objc; path = SelectTimerController.m; sourceTree = "<group>"; };
		02747D0F1C40E54A0023D9C8 /* ListOfExercises.h */ = {isa = PBXFileReference; fileEncoding = 4; lastKnownFileType = sourcecode.c.h; path = ListOfExercises.h; sourceTree = "<group>"; };
		02747D101C40E54A0023D9C8 /* ListOfExercises.m */ = {isa = PBXFileReference; fileEncoding = 4; lastKnownFileType = sourcecode.c.objc; path = ListOfExercises.m; sourceTree = "<group>"; };
		02747D121C40E6320023D9C8 /* CustomCell.h */ = {isa = PBXFileReference; fileEncoding = 4; lastKnownFileType = sourcecode.c.h; path = CustomCell.h; sourceTree = "<group>"; };
		02747D131C40E6320023D9C8 /* CustomCell.m */ = {isa = PBXFileReference; fileEncoding = 4; lastKnownFileType = sourcecode.c.objc; path = CustomCell.m; sourceTree = "<group>"; };
		0276BE7F1C40958200DCB510 /* chasingFITness.app */ = {isa = PBXFileReference; explicitFileType = wrapper.application; includeInIndex = 0; path = chasingFITness.app; sourceTree = BUILT_PRODUCTS_DIR; };
		0276BE831C40958200DCB510 /* main.m */ = {isa = PBXFileReference; lastKnownFileType = sourcecode.c.objc; path = main.m; sourceTree = "<group>"; };
		0276BE851C40958200DCB510 /* AppDelegate.h */ = {isa = PBXFileReference; lastKnownFileType = sourcecode.c.h; path = AppDelegate.h; sourceTree = "<group>"; };
		0276BE861C40958200DCB510 /* AppDelegate.m */ = {isa = PBXFileReference; lastKnownFileType = sourcecode.c.objc; path = AppDelegate.m; sourceTree = "<group>"; };
		0276BE881C40958200DCB510 /* ViewController.h */ = {isa = PBXFileReference; lastKnownFileType = sourcecode.c.h; path = ViewController.h; sourceTree = "<group>"; };
		0276BE891C40958200DCB510 /* ViewController.m */ = {isa = PBXFileReference; lastKnownFileType = sourcecode.c.objc; path = ViewController.m; sourceTree = "<group>"; };
		0276BE8F1C40958200DCB510 /* chasingFITness.xcdatamodel */ = {isa = PBXFileReference; lastKnownFileType = wrapper.xcdatamodel; path = chasingFITness.xcdatamodel; sourceTree = "<group>"; };
		0276BE911C40958200DCB510 /* Assets.xcassets */ = {isa = PBXFileReference; lastKnownFileType = folder.assetcatalog; path = Assets.xcassets; sourceTree = "<group>"; };
		0276BE941C40958200DCB510 /* Base */ = {isa = PBXFileReference; lastKnownFileType = file.storyboard; name = Base; path = Base.lproj/LaunchScreen.storyboard; sourceTree = "<group>"; };
		0276BE961C40958200DCB510 /* Info.plist */ = {isa = PBXFileReference; lastKnownFileType = text.plist.xml; path = Info.plist; sourceTree = "<group>"; };
		0276BE9B1C40958200DCB510 /* chasingFITnessTests.xctest */ = {isa = PBXFileReference; explicitFileType = wrapper.cfbundle; includeInIndex = 0; path = chasingFITnessTests.xctest; sourceTree = BUILT_PRODUCTS_DIR; };
		0276BE9F1C40958200DCB510 /* chasingFITnessTests.m */ = {isa = PBXFileReference; lastKnownFileType = sourcecode.c.objc; path = chasingFITnessTests.m; sourceTree = "<group>"; };
		0276BEA11C40958200DCB510 /* Info.plist */ = {isa = PBXFileReference; lastKnownFileType = text.plist.xml; path = Info.plist; sourceTree = "<group>"; };
		0276BEA61C40958200DCB510 /* chasingFITnessUITests.xctest */ = {isa = PBXFileReference; explicitFileType = wrapper.cfbundle; includeInIndex = 0; path = chasingFITnessUITests.xctest; sourceTree = BUILT_PRODUCTS_DIR; };
		0276BEAA1C40958200DCB510 /* chasingFITnessUITests.m */ = {isa = PBXFileReference; lastKnownFileType = sourcecode.c.objc; path = chasingFITnessUITests.m; sourceTree = "<group>"; };
		0276BEAC1C40958200DCB510 /* Info.plist */ = {isa = PBXFileReference; lastKnownFileType = text.plist.xml; path = Info.plist; sourceTree = "<group>"; };
		027DA20F1CAE1B62007FE515 /* chasingFit.png */ = {isa = PBXFileReference; lastKnownFileType = image.png; path = chasingFit.png; sourceTree = "<group>"; };
		027DA2111CAE3DD1007FE515 /* MenuListOfExercises.h */ = {isa = PBXFileReference; fileEncoding = 4; lastKnownFileType = sourcecode.c.h; path = MenuListOfExercises.h; sourceTree = "<group>"; };
		027DA2121CAE3DD1007FE515 /* MenuListOfExercises.m */ = {isa = PBXFileReference; fileEncoding = 4; lastKnownFileType = sourcecode.c.objc; path = MenuListOfExercises.m; sourceTree = "<group>"; };
		028111A51C643606007DE964 /* playButton.png */ = {isa = PBXFileReference; lastKnownFileType = image.png; path = playButton.png; sourceTree = "<group>"; };
		028117FB1C509E3C001E45AE /* AVPlayerClass.h */ = {isa = PBXFileReference; fileEncoding = 4; lastKnownFileType = sourcecode.c.h; path = AVPlayerClass.h; sourceTree = "<group>"; };
		028117FC1C509E3C001E45AE /* AVPlayerClass.m */ = {isa = PBXFileReference; fileEncoding = 4; lastKnownFileType = sourcecode.c.objc; path = AVPlayerClass.m; sourceTree = "<group>"; };
		028926CB1C4E1A8D0059C2A4 /* chasingFITness-Bridging-Header.h */ = {isa = PBXFileReference; lastKnownFileType = sourcecode.c.h; path = "chasingFITness-Bridging-Header.h"; sourceTree = "<group>"; };
		028926CE1C4E22220059C2A4 /* VideoView.h */ = {isa = PBXFileReference; fileEncoding = 4; lastKnownFileType = sourcecode.c.h; name = VideoView.h; path = ../VideoView.h; sourceTree = "<group>"; };
		028926CF1C4E22220059C2A4 /* VideoView.m */ = {isa = PBXFileReference; fileEncoding = 4; lastKnownFileType = sourcecode.c.objc; name = VideoView.m; path = ../VideoView.m; sourceTree = "<group>"; };
		028926D31C4E2A580059C2A4 /* chasingFIT logotypeBLACK.png */ = {isa = PBXFileReference; lastKnownFileType = image.png; path = "chasingFIT logotypeBLACK.png"; sourceTree = "<group>"; };
		028926D41C4E2A580059C2A4 /* chasingFIT logotypeWHITE.png */ = {isa = PBXFileReference; lastKnownFileType = image.png; path = "chasingFIT logotypeWHITE.png"; sourceTree = "<group>"; };
		0290364D1CD9C4A300F18A6E /* StoreKit.framework */ = {isa = PBXFileReference; lastKnownFileType = wrapper.framework; name = StoreKit.framework; path = System/Library/Frameworks/StoreKit.framework; sourceTree = SDKROOT; };
		029036511CD9C8E300F18A6E /* PurchaseViewController.h */ = {isa = PBXFileReference; fileEncoding = 4; lastKnownFileType = sourcecode.c.h; path = PurchaseViewController.h; sourceTree = "<group>"; };
		029036521CD9C8E300F18A6E /* PurchaseViewController.m */ = {isa = PBXFileReference; fileEncoding = 4; lastKnownFileType = sourcecode.c.objc; path = PurchaseViewController.m; sourceTree = "<group>"; };
		029036561CD9CB6A00F18A6E /* PurchaseViewController.xib */ = {isa = PBXFileReference; fileEncoding = 4; lastKnownFileType = file.xib; name = PurchaseViewController.xib; path = ../PurchaseViewController.xib; sourceTree = "<group>"; };
		0294D0A51CC9FC0E0037B013 /* Ladder Drills.mov */ = {isa = PBXFileReference; lastKnownFileType = video.quicktime; path = "Ladder Drills.mov"; sourceTree = "<group>"; };
		029590B01C61CD3700B2F304 /* readData.h */ = {isa = PBXFileReference; fileEncoding = 4; lastKnownFileType = sourcecode.c.h; path = readData.h; sourceTree = "<group>"; };
		029590B11C61CD3700B2F304 /* readData.m */ = {isa = PBXFileReference; fileEncoding = 4; lastKnownFileType = sourcecode.c.objc; path = readData.m; sourceTree = "<group>"; };
		029590B51C61E1AD00B2F304 /* TextData.json */ = {isa = PBXFileReference; fileEncoding = 4; lastKnownFileType = text.json; path = TextData.json; sourceTree = "<group>"; };
		029590BB1C61F77900B2F304 /* intro.mov */ = {isa = PBXFileReference; lastKnownFileType = video.quicktime; path = intro.mov; sourceTree = "<group>"; };
		029590BD1C6203B300B2F304 /* buildWorkoutViewController.h */ = {isa = PBXFileReference; fileEncoding = 4; lastKnownFileType = sourcecode.c.h; path = buildWorkoutViewController.h; sourceTree = "<group>"; };
		029590BE1C6203B300B2F304 /* buildWorkoutViewController.m */ = {isa = PBXFileReference; fileEncoding = 4; lastKnownFileType = sourcecode.c.objc; path = buildWorkoutViewController.m; sourceTree = "<group>"; };
		02B1208D1CB09EFD004CA64C /* CF-Apps-icon-v2-120x.jpg */ = {isa = PBXFileReference; lastKnownFileType = image.jpeg; path = "CF-Apps-icon-v2-120x.jpg"; sourceTree = "<group>"; };
		02B1208E1CB09EFD004CA64C /* CF-Apps-icon-v2-120x.png */ = {isa = PBXFileReference; lastKnownFileType = image.png; path = "CF-Apps-icon-v2-120x.png"; sourceTree = "<group>"; };
		02B1208F1CB09EFD004CA64C /* CF-Apps-icon-v2-180x.jpg */ = {isa = PBXFileReference; lastKnownFileType = image.jpeg; path = "CF-Apps-icon-v2-180x.jpg"; sourceTree = "<group>"; };
		02B120901CB09EFD004CA64C /* CF-Apps-icon-v2-180x.png */ = {isa = PBXFileReference; lastKnownFileType = image.png; path = "CF-Apps-icon-v2-180x.png"; sourceTree = "<group>"; };
		02B120911CB09EFD004CA64C /* CF-Apps-icon-v2-1024x.jpg */ = {isa = PBXFileReference; lastKnownFileType = image.jpeg; path = "CF-Apps-icon-v2-1024x.jpg"; sourceTree = "<group>"; };
		02B120921CB09EFD004CA64C /* CF-Apps-icon-v2-1024x.png */ = {isa = PBXFileReference; lastKnownFileType = image.png; path = "CF-Apps-icon-v2-1024x.png"; sourceTree = "<group>"; };
		02D116A01CB2465000207176 /* CustomWorkoutSetClass.h */ = {isa = PBXFileReference; fileEncoding = 4; lastKnownFileType = sourcecode.c.h; name = CustomWorkoutSetClass.h; path = ../CustomWorkoutSetClass.h; sourceTree = "<group>"; };
		02D116A11CB2465000207176 /* CustomWorkoutSetClass.m */ = {isa = PBXFileReference; fileEncoding = 4; lastKnownFileType = sourcecode.c.objc; name = CustomWorkoutSetClass.m; path = ../CustomWorkoutSetClass.m; sourceTree = "<group>"; };
		02D2E4F61CB9F37800F2D9A1 /* SaveRoutinesViewController.h */ = {isa = PBXFileReference; fileEncoding = 4; lastKnownFileType = sourcecode.c.h; path = SaveRoutinesViewController.h; sourceTree = "<group>"; };
		02D2E4F71CB9F37800F2D9A1 /* SaveRoutinesViewController.m */ = {isa = PBXFileReference; fileEncoding = 4; lastKnownFileType = sourcecode.c.objc; path = SaveRoutinesViewController.m; sourceTree = "<group>"; };
		02D2E4F91CB9F64500F2D9A1 /* CustomSavedRoutinesCell.h */ = {isa = PBXFileReference; fileEncoding = 4; lastKnownFileType = sourcecode.c.h; path = CustomSavedRoutinesCell.h; sourceTree = "<group>"; };
		02D2E4FA1CB9F64500F2D9A1 /* CustomSavedRoutinesCell.m */ = {isa = PBXFileReference; fileEncoding = 4; lastKnownFileType = sourcecode.c.objc; path = CustomSavedRoutinesCell.m; sourceTree = "<group>"; };
		02D2E4FC1CB9F68500F2D9A1 /* CustomSavedRoutinesCell.xib */ = {isa = PBXFileReference; fileEncoding = 4; lastKnownFileType = file.xib; path = CustomSavedRoutinesCell.xib; sourceTree = "<group>"; };
		02D99A311C7D979E00173D7C /* MultiVideoViewController.h */ = {isa = PBXFileReference; fileEncoding = 4; lastKnownFileType = sourcecode.c.h; path = MultiVideoViewController.h; sourceTree = "<group>"; };
		02D99A321C7D979E00173D7C /* MultiVideoViewController.m */ = {isa = PBXFileReference; fileEncoding = 4; lastKnownFileType = sourcecode.c.objc; path = MultiVideoViewController.m; sourceTree = "<group>"; };
		02D99A341C7D990600173D7C /* VideoCustomView.h */ = {isa = PBXFileReference; fileEncoding = 4; lastKnownFileType = sourcecode.c.h; path = VideoCustomView.h; sourceTree = "<group>"; };
		02D99A351C7D990600173D7C /* VideoCustomView.m */ = {isa = PBXFileReference; fileEncoding = 4; lastKnownFileType = sourcecode.c.objc; path = VideoCustomView.m; sourceTree = "<group>"; };
		02D99A371C7D991A00173D7C /* VideoCustomView.xib */ = {isa = PBXFileReference; fileEncoding = 4; lastKnownFileType = file.xib; path = VideoCustomView.xib; sourceTree = "<group>"; };
		02D99A3C1C7DAC8C00173D7C /* NavigationViewController.h */ = {isa = PBXFileReference; fileEncoding = 4; lastKnownFileType = sourcecode.c.h; name = NavigationViewController.h; path = ../NavigationViewController.h; sourceTree = "<group>"; };
		02D99A3D1C7DAC8C00173D7C /* NavigationViewController.m */ = {isa = PBXFileReference; fileEncoding = 4; lastKnownFileType = sourcecode.c.objc; name = NavigationViewController.m; path = ../NavigationViewController.m; sourceTree = "<group>"; };
		02DBD9091C4428DD001DAA83 /* Agility_Icon.jpg */ = {isa = PBXFileReference; lastKnownFileType = image.jpeg; path = Agility_Icon.jpg; sourceTree = "<group>"; };
		02DBD90A1C4428DD001DAA83 /* Core_Icon.jpg */ = {isa = PBXFileReference; lastKnownFileType = image.jpeg; path = Core_Icon.jpg; sourceTree = "<group>"; };
		02DBD90B1C4428DD001DAA83 /* Full Body Icon_Icon.jpg */ = {isa = PBXFileReference; lastKnownFileType = image.jpeg; path = "Full Body Icon_Icon.jpg"; sourceTree = "<group>"; };
		02DBD90C1C4428DD001DAA83 /* Lower Body_Icon.jpg */ = {isa = PBXFileReference; lastKnownFileType = image.jpeg; path = "Lower Body_Icon.jpg"; sourceTree = "<group>"; };
		02DBD90D1C4428DD001DAA83 /* Upper Body_Icon.jpg */ = {isa = PBXFileReference; lastKnownFileType = image.jpeg; path = "Upper Body_Icon.jpg"; sourceTree = "<group>"; };
		02DBD9141C442A74001DAA83 /* Full Body Icon_Splash.jpg */ = {isa = PBXFileReference; lastKnownFileType = image.jpeg; path = "Full Body Icon_Splash.jpg"; sourceTree = "<group>"; };
		02DBD9161C442B5C001DAA83 /* slider3.jpg */ = {isa = PBXFileReference; lastKnownFileType = image.jpeg; path = slider3.jpg; sourceTree = "<group>"; };
		02DBD9181C442D77001DAA83 /* menuButtonImage.png */ = {isa = PBXFileReference; lastKnownFileType = image.png; path = menuButtonImage.png; sourceTree = "<group>"; };
		02E3F3EA1CA929D300F3EDD0 /* ContactsViewController.h */ = {isa = PBXFileReference; fileEncoding = 4; lastKnownFileType = sourcecode.c.h; path = ContactsViewController.h; sourceTree = "<group>"; };
		02E3F3EB1CA929D300F3EDD0 /* ContactsViewController.m */ = {isa = PBXFileReference; fileEncoding = 4; lastKnownFileType = sourcecode.c.objc; path = ContactsViewController.m; sourceTree = "<group>"; };
		02E3F4071CA9422900F3EDD0 /* Bench knee flutter kicks to knee crunches.jpg */ = {isa = PBXFileReference; lastKnownFileType = image.jpeg; path = "Bench knee flutter kicks to knee crunches.jpg"; sourceTree = "<group>"; };
		02E3F4081CA9422900F3EDD0 /* Hand plank stability ball knee ups.jpg */ = {isa = PBXFileReference; lastKnownFileType = image.jpeg; path = "Hand plank stability ball knee ups.jpg"; sourceTree = "<group>"; };
		02E3F4091CA9422900F3EDD0 /* Med ball.jpg */ = {isa = PBXFileReference; lastKnownFileType = image.jpeg; path = "Med ball.jpg"; sourceTree = "<group>"; };
		02E3F40A1CA9422900F3EDD0 /* Standing single arm obliques.jpg */ = {isa = PBXFileReference; lastKnownFileType = image.jpeg; path = "Standing single arm obliques.jpg"; sourceTree = "<group>"; };
		02E3F40B1CA9422900F3EDD0 /* Superman.jpg */ = {isa = PBXFileReference; lastKnownFileType = image.jpeg; path = Superman.jpg; sourceTree = "<group>"; };
		02E3F40C1CA9422900F3EDD0 /* V-Ups.jpg */ = {isa = PBXFileReference; lastKnownFileType = image.jpeg; path = "V-Ups.jpg"; sourceTree = "<group>"; };
		02E3F4141CA9427C00F3EDD0 /* 45 degree knee highs.jpg */ = {isa = PBXFileReference; lastKnownFileType = image.jpeg; path = "45 degree knee highs.jpg"; sourceTree = "<group>"; };
		02E3F4151CA9427C00F3EDD0 /* Explosive burpees.jpg */ = {isa = PBXFileReference; lastKnownFileType = image.jpeg; path = "Explosive burpees.jpg"; sourceTree = "<group>"; };
		02E3F4161CA9427C00F3EDD0 /* Front and Side step shuffle.jpg */ = {isa = PBXFileReference; lastKnownFileType = image.jpeg; path = "Front and Side step shuffle.jpg"; sourceTree = "<group>"; };
		02E3F4171CA9427C00F3EDD0 /* Parallel Bands.jpg */ = {isa = PBXFileReference; lastKnownFileType = image.jpeg; path = "Parallel Bands.jpg"; sourceTree = "<group>"; };
		02E3F4181CA9427C00F3EDD0 /* Rhythmic V-kicks.jpg */ = {isa = PBXFileReference; lastKnownFileType = image.jpeg; path = "Rhythmic V-kicks.jpg"; sourceTree = "<group>"; };
		02E3F4191CA9427C00F3EDD0 /* Speed skater with cone touch.jpg */ = {isa = PBXFileReference; lastKnownFileType = image.jpeg; path = "Speed skater with cone touch.jpg"; sourceTree = "<group>"; };
		02E3F4211CA942BB00F3EDD0 /* Alternating frontal and lateral deltoid lifts.jpg */ = {isa = PBXFileReference; lastKnownFileType = image.jpeg; path = "Alternating frontal and lateral deltoid lifts.jpg"; sourceTree = "<group>"; };
		02E3F4221CA942BB00F3EDD0 /* Dumbbell alternating drop chest press.jpg */ = {isa = PBXFileReference; lastKnownFileType = image.jpeg; path = "Dumbbell alternating drop chest press.jpg"; sourceTree = "<group>"; };
		02E3F4231CA942BB00F3EDD0 /* Incline bench dumbbell rows.jpg */ = {isa = PBXFileReference; lastKnownFileType = image.jpeg; path = "Incline bench dumbbell rows.jpg"; sourceTree = "<group>"; };
		02E3F4241CA942BB00F3EDD0 /* Press pull biceps curls.jpg */ = {isa = PBXFileReference; lastKnownFileType = image.jpeg; path = "Press pull biceps curls.jpg"; sourceTree = "<group>"; };
		02E3F4251CA942BB00F3EDD0 /* Rollie pollie med ball push up.jpg */ = {isa = PBXFileReference; lastKnownFileType = image.jpeg; path = "Rollie pollie med ball push up.jpg"; sourceTree = "<group>"; };
		02E3F4261CA942BB00F3EDD0 /* Stability ball triceps extension.jpg */ = {isa = PBXFileReference; lastKnownFileType = image.jpeg; path = "Stability ball triceps extension.jpg"; sourceTree = "<group>"; };
		02E3F42E1CA942E500F3EDD0 /* Curtsy lunge.jpg */ = {isa = PBXFileReference; lastKnownFileType = image.jpeg; path = "Curtsy lunge.jpg"; sourceTree = "<group>"; };
		02E3F42F1CA942E500F3EDD0 /* Dumbbell walking lunges.jpg */ = {isa = PBXFileReference; lastKnownFileType = image.jpeg; path = "Dumbbell walking lunges.jpg"; sourceTree = "<group>"; };
		02E3F4301CA942E500F3EDD0 /* Lateral lunge with plate slide.jpg */ = {isa = PBXFileReference; lastKnownFileType = image.jpeg; path = "Lateral lunge with plate slide.jpg"; sourceTree = "<group>"; };
		02E3F4311CA942E500F3EDD0 /* Med ball pump and jump.jpg */ = {isa = PBXFileReference; lastKnownFileType = image.jpeg; path = "Med ball pump and jump.jpg"; sourceTree = "<group>"; };
		02E3F4321CA942E500F3EDD0 /* Single leg bench squat.jpg */ = {isa = PBXFileReference; lastKnownFileType = image.jpeg; path = "Single leg bench squat.jpg"; sourceTree = "<group>"; };
		02E3F4331CA942E500F3EDD0 /* Single leg negative sit squats.jpg */ = {isa = PBXFileReference; lastKnownFileType = image.jpeg; path = "Single leg negative sit squats.jpg"; sourceTree = "<group>"; };
		02E3F43B1CA9431400F3EDD0 /* Dumbbell squat to arm snatch.jpg */ = {isa = PBXFileReference; lastKnownFileType = image.jpeg; path = "Dumbbell squat to arm snatch.jpg"; sourceTree = "<group>"; };
		02E3F43C1CA9431400F3EDD0 /* Dumbbell squat to twisting millitary press.jpg */ = {isa = PBXFileReference; lastKnownFileType = image.jpeg; path = "Dumbbell squat to twisting millitary press.jpg"; sourceTree = "<group>"; };
		02E3F43D1CA9431400F3EDD0 /* Med ball push up to burpee.jpg */ = {isa = PBXFileReference; lastKnownFileType = image.jpeg; path = "Med ball push up to burpee.jpg"; sourceTree = "<group>"; };
		02E3F43E1CA9431400F3EDD0 /* Standing dumbbell woodchop.jpg */ = {isa = PBXFileReference; lastKnownFileType = image.jpeg; path = "Standing dumbbell woodchop.jpg"; sourceTree = "<group>"; };
		02E3F43F1CA9431400F3EDD0 /* Stationary lunge to hammer curl press.jpg */ = {isa = PBXFileReference; lastKnownFileType = image.jpeg; path = "Stationary lunge to hammer curl press.jpg"; sourceTree = "<group>"; };
		02E3F4401CA9431400F3EDD0 /* Weighted spider-man push ups.jpg */ = {isa = PBXFileReference; lastKnownFileType = image.jpeg; path = "Weighted spider-man push ups.jpg"; sourceTree = "<group>"; };
		02EDB0FB1C436D6900EC0B03 /* SimpleTableCell.xib */ = {isa = PBXFileReference; fileEncoding = 4; lastKnownFileType = file.xib; path = SimpleTableCell.xib; sourceTree = "<group>"; };
/* End PBXFileReference section */

/* Begin PBXFrameworksBuildPhase section */
		0276BE7C1C40958200DCB510 /* Frameworks */ = {
			isa = PBXFrameworksBuildPhase;
			buildActionMask = 2147483647;
			files = (
				0290364E1CD9C4A300F18A6E /* StoreKit.framework in Frameworks */,
			);
			runOnlyForDeploymentPostprocessing = 0;
		};
		0276BE981C40958200DCB510 /* Frameworks */ = {
			isa = PBXFrameworksBuildPhase;
			buildActionMask = 2147483647;
			files = (
			);
			runOnlyForDeploymentPostprocessing = 0;
		};
		0276BEA31C40958200DCB510 /* Frameworks */ = {
			isa = PBXFrameworksBuildPhase;
			buildActionMask = 2147483647;
			files = (
			);
			runOnlyForDeploymentPostprocessing = 0;
		};
/* End PBXFrameworksBuildPhase section */

/* Begin PBXGroup section */
		0276BE761C40958200DCB510 = {
			isa = PBXGroup;
			children = (
				0290364D1CD9C4A300F18A6E /* StoreKit.framework */,
				0276BE811C40958200DCB510 /* chasingFITness */,
				0276BE9E1C40958200DCB510 /* chasingFITnessTests */,
				0276BEA91C40958200DCB510 /* chasingFITnessUITests */,
				0276BE801C40958200DCB510 /* Products */,
				028926CB1C4E1A8D0059C2A4 /* chasingFITness-Bridging-Header.h */,
			);
			sourceTree = "<group>";
		};
		0276BE801C40958200DCB510 /* Products */ = {
			isa = PBXGroup;
			children = (
				0276BE7F1C40958200DCB510 /* chasingFITness.app */,
				0276BE9B1C40958200DCB510 /* chasingFITnessTests.xctest */,
				0276BEA61C40958200DCB510 /* chasingFITnessUITests.xctest */,
			);
			name = Products;
			sourceTree = "<group>";
		};
		0276BE811C40958200DCB510 /* chasingFITness */ = {
			isa = PBXGroup;
			children = (
				025826B31CE19372009C2C0E /* FAQ.h */,
				025826B41CE19372009C2C0E /* FAQ.m */,
				02D116A01CB2465000207176 /* CustomWorkoutSetClass.h */,
				02D116A11CB2465000207176 /* CustomWorkoutSetClass.m */,
				023F11891C915D5000DB0CE9 /* SWRevealViewController.h */,
				023F118A1C915D5000DB0CE9 /* SWRevealViewController.m */,
				02D99A3C1C7DAC8C00173D7C /* NavigationViewController.h */,
				02D99A3D1C7DAC8C00173D7C /* NavigationViewController.m */,
				0276BE851C40958200DCB510 /* AppDelegate.h */,
				0276BE861C40958200DCB510 /* AppDelegate.m */,
				029036511CD9C8E300F18A6E /* PurchaseViewController.h */,
				029036521CD9C8E300F18A6E /* PurchaseViewController.m */,
				029036561CD9CB6A00F18A6E /* PurchaseViewController.xib */,
				0276BE881C40958200DCB510 /* ViewController.h */,
				0276BE891C40958200DCB510 /* ViewController.m */,
				02747D0F1C40E54A0023D9C8 /* ListOfExercises.h */,
				02747D101C40E54A0023D9C8 /* ListOfExercises.m */,
				021BC1621C79C7DF009CEC4C /* Main.storyboard */,
				027DA2111CAE3DD1007FE515 /* MenuListOfExercises.h */,
				027DA2121CAE3DD1007FE515 /* MenuListOfExercises.m */,
				02E3F3EA1CA929D300F3EDD0 /* ContactsViewController.h */,
				02E3F3EB1CA929D300F3EDD0 /* ContactsViewController.m */,
				029590B01C61CD3700B2F304 /* readData.h */,
				029590B11C61CD3700B2F304 /* readData.m */,
				024383841C462675007BCE3F /* ListOfPractices.h */,
				024383851C462675007BCE3F /* ListOfPractices.m */,
				026B01831C48BD40005FED38 /* SelectTimerController.h */,
				026B01841C48BD40005FED38 /* SelectTimerController.m */,
				028926CE1C4E22220059C2A4 /* VideoView.h */,
				028926CF1C4E22220059C2A4 /* VideoView.m */,
				028117FB1C509E3C001E45AE /* AVPlayerClass.h */,
				028117FC1C509E3C001E45AE /* AVPlayerClass.m */,
				029590B51C61E1AD00B2F304 /* TextData.json */,
				02D2E5001CBA167B00F2D9A1 /* Build Your Work Out Table View Controller */,
				02D2E4FF1CB9F6C600F2D9A1 /* Build Your Workout Video View */,
				02D2E4FE1CB9F69B00F2D9A1 /* Saved Routines Tab */,
				023F118C1C9162F700DB0CE9 /* slideMenuViewController.h */,
				023F118D1C9162F700DB0CE9 /* slideMenuViewController.m */,
				029590C01C6203BF00B2F304 /* CustomLargeCell */,
				02EDB1041C43AACF00EC0B03 /* Large Cell */,
				0276BE911C40958200DCB510 /* Assets.xcassets */,
				0276BE931C40958200DCB510 /* LaunchScreen.storyboard */,
				0276BE961C40958200DCB510 /* Info.plist */,
				0276BE8E1C40958200DCB510 /* chasingFITness.xcdatamodeld */,
				0276BE821C40958200DCB510 /* Supporting Files */,
			);
			path = chasingFITness;
			sourceTree = "<group>";
		};
		0276BE821C40958200DCB510 /* Supporting Files */ = {
			isa = PBXGroup;
			children = (
				023ACA461CE271720011D98A /* swipeleft.png */,
				02E3F4131CA9426400F3EDD0 /* Core Image */,
				028111CA1C644A0D007DE964 /* Core */,
				028111BD1C64491A007DE964 /* Agility */,
				02E3F4201CA9427F00F3EDD0 /* Agility Image */,
				028111F11C644B53007DE964 /* Upper Body */,
				02E3F42D1CA942C100F3EDD0 /* Upper Body Image */,
				028111E41C644AEA007DE964 /* Lower Body */,
				02E3F43A1CA942EB00F3EDD0 /* Lower Body Image */,
				028111D71C644A8C007DE964 /* Full Body */,
				02E3F4471CA9431900F3EDD0 /* Full Body Image */,
				028111A51C643606007DE964 /* playButton.png */,
				02B1209A1CB09F10004CA64C /* Icon */,
				027DA20F1CAE1B62007FE515 /* chasingFit.png */,
				029590BB1C61F77900B2F304 /* intro.mov */,
				028926D31C4E2A580059C2A4 /* chasingFIT logotypeBLACK.png */,
				028926D41C4E2A580059C2A4 /* chasingFIT logotypeWHITE.png */,
				02DBD9181C442D77001DAA83 /* menuButtonImage.png */,
				02DBD9161C442B5C001DAA83 /* slider3.jpg */,
				02DBD9141C442A74001DAA83 /* Full Body Icon_Splash.jpg */,
				02DBD9131C4428F2001DAA83 /* CustomMenuImage */,
				0276BE831C40958200DCB510 /* main.m */,
			);
			name = "Supporting Files";
			sourceTree = "<group>";
		};
		0276BE9E1C40958200DCB510 /* chasingFITnessTests */ = {
			isa = PBXGroup;
			children = (
				0276BE9F1C40958200DCB510 /* chasingFITnessTests.m */,
				0276BEA11C40958200DCB510 /* Info.plist */,
			);
			path = chasingFITnessTests;
			sourceTree = "<group>";
		};
		0276BEA91C40958200DCB510 /* chasingFITnessUITests */ = {
			isa = PBXGroup;
			children = (
				0276BEAA1C40958200DCB510 /* chasingFITnessUITests.m */,
				0276BEAC1C40958200DCB510 /* Info.plist */,
			);
			path = chasingFITnessUITests;
			sourceTree = "<group>";
		};
		028111BD1C64491A007DE964 /* Agility */ = {
			isa = PBXGroup;
			children = (
				0294D0A51CC9FC0E0037B013 /* Ladder Drills.mov */,
				02331CCC1CBA3E6E00A14AD3 /* 45 degree knee highs.mov */,
				02331CCD1CBA3E6E00A14AD3 /* Explosive burpees.mov */,
				02331CCE1CBA3E6E00A14AD3 /* Front and Side step shuffle.mov */,
				02331CCF1CBA3E6E00A14AD3 /* Parallel Bands.mov */,
				02331CD01CBA3E6E00A14AD3 /* Rhythmic V-kicks.mov */,
				02331CD11CBA3E6E00A14AD3 /* Speed skater with cone touch.mov */,
			);
			name = Agility;
			sourceTree = "<group>";
		};
		028111CA1C644A0D007DE964 /* Core */ = {
			isa = PBXGroup;
			children = (
				02331CD81CBA3F2E00A14AD3 /* Bench knee flutter kicks to knee crunches.mov */,
				02331CD91CBA3F2E00A14AD3 /* Hand plank stability ball knee ups.mov */,
				02331CDA1CBA3F2E00A14AD3 /* Med ball.mov */,
				02331CDB1CBA3F2E00A14AD3 /* Standing single arm obliques.mov */,
				02331CDC1CBA3F2E00A14AD3 /* Superman.mov */,
				02331CDD1CBA3F2E00A14AD3 /* V-Ups.mov */,
			);
			name = Core;
			sourceTree = "<group>";
		};
		028111D71C644A8C007DE964 /* Full Body */ = {
			isa = PBXGroup;
			children = (
				02331CE41CBA401800A14AD3 /* Dumbbell squat to arm snatch.mov */,
				02331CE51CBA401800A14AD3 /* Dumbbell squat to twisting millitary press.mov */,
				02331CE61CBA401800A14AD3 /* Med ball push up to burpee.mov */,
				02331CE71CBA401800A14AD3 /* Standing dumbbell woodchop.mov */,
				02331CE81CBA401800A14AD3 /* Stationary lunge to hammer curl press.mov */,
				02331CE91CBA401800A14AD3 /* Weighted spider-man push ups.mov */,
			);
			name = "Full Body";
			sourceTree = "<group>";
		};
		028111E41C644AEA007DE964 /* Lower Body */ = {
			isa = PBXGroup;
			children = (
				02331CF01CBA40B300A14AD3 /* Curtsy lunge.mov */,
				02331CF11CBA40B300A14AD3 /* Dumbbell walking lunges.mov */,
				02331CF21CBA40B300A14AD3 /* Lateral lunge with plate slide.mov */,
				02331CF31CBA40B300A14AD3 /* Med ball pump and jump.mov */,
				02331CF41CBA40B300A14AD3 /* Single leg bench squat.mov */,
				02331CF51CBA40B300A14AD3 /* Single leg negative sit squats.mov */,
			);
			name = "Lower Body";
			sourceTree = "<group>";
		};
		028111F11C644B53007DE964 /* Upper Body */ = {
			isa = PBXGroup;
			children = (
				02331CFC1CBA41B900A14AD3 /* Alternating frontal and lateral deltoid lifts.mov */,
				02331CFD1CBA41B900A14AD3 /* Dumbbell alternating drop chest press.mov */,
				02331CFE1CBA41B900A14AD3 /* Incline bench dumbbell rows.mov */,
				02331CFF1CBA41B900A14AD3 /* Press pull biceps curls.mov */,
				02331D001CBA41B900A14AD3 /* Rollie pollie med ball push up.mov */,
				02331D011CBA41B900A14AD3 /* Stability ball triceps extension.mov */,
			);
			name = "Upper Body";
			sourceTree = "<group>";
		};
		029590C01C6203BF00B2F304 /* CustomLargeCell */ = {
			isa = PBXGroup;
			children = (
				026B017D1C48A36B005FED38 /* collectionCell.h */,
				026B017E1C48A36B005FED38 /* collectionCell.m */,
			);
			name = CustomLargeCell;
			sourceTree = "<group>";
		};
		02B1209A1CB09F10004CA64C /* Icon */ = {
			isa = PBXGroup;
			children = (
				02B1208D1CB09EFD004CA64C /* CF-Apps-icon-v2-120x.jpg */,
				02B1208E1CB09EFD004CA64C /* CF-Apps-icon-v2-120x.png */,
				02B1208F1CB09EFD004CA64C /* CF-Apps-icon-v2-180x.jpg */,
				02B120901CB09EFD004CA64C /* CF-Apps-icon-v2-180x.png */,
				02B120911CB09EFD004CA64C /* CF-Apps-icon-v2-1024x.jpg */,
				02B120921CB09EFD004CA64C /* CF-Apps-icon-v2-1024x.png */,
			);
			name = Icon;
			sourceTree = "<group>";
		};
		02D2E4FE1CB9F69B00F2D9A1 /* Saved Routines Tab */ = {
			isa = PBXGroup;
			children = (
				02D2E4F61CB9F37800F2D9A1 /* SaveRoutinesViewController.h */,
				02D2E4F71CB9F37800F2D9A1 /* SaveRoutinesViewController.m */,
				02D2E4F91CB9F64500F2D9A1 /* CustomSavedRoutinesCell.h */,
				02D2E4FA1CB9F64500F2D9A1 /* CustomSavedRoutinesCell.m */,
				02D2E4FC1CB9F68500F2D9A1 /* CustomSavedRoutinesCell.xib */,
			);
			name = "Saved Routines Tab";
			sourceTree = "<group>";
		};
		02D2E4FF1CB9F6C600F2D9A1 /* Build Your Workout Video View */ = {
			isa = PBXGroup;
			children = (
				02D99A311C7D979E00173D7C /* MultiVideoViewController.h */,
				02D99A321C7D979E00173D7C /* MultiVideoViewController.m */,
				02D99A341C7D990600173D7C /* VideoCustomView.h */,
				02D99A351C7D990600173D7C /* VideoCustomView.m */,
				02D99A371C7D991A00173D7C /* VideoCustomView.xib */,
			);
			name = "Build Your Workout Video View";
			sourceTree = "<group>";
		};
		02D2E5001CBA167B00F2D9A1 /* Build Your Work Out Table View Controller */ = {
			isa = PBXGroup;
			children = (
				029590BD1C6203B300B2F304 /* buildWorkoutViewController.h */,
				029590BE1C6203B300B2F304 /* buildWorkoutViewController.m */,
				024C23191C7B15F100B0F31D /* CustomCellBuildWorkout.h */,
				024C231A1C7B15F100B0F31D /* CustomCellBuildWorkout.m */,
				024C231C1C7B161C00B0F31D /* CustomCellBuildWorkout.xib */,
			);
			name = "Build Your Work Out Table View Controller";
			sourceTree = "<group>";
		};
		02DBD9131C4428F2001DAA83 /* CustomMenuImage */ = {
			isa = PBXGroup;
			children = (
				02DBD9091C4428DD001DAA83 /* Agility_Icon.jpg */,
				02DBD90A1C4428DD001DAA83 /* Core_Icon.jpg */,
				02DBD90B1C4428DD001DAA83 /* Full Body Icon_Icon.jpg */,
				02DBD90C1C4428DD001DAA83 /* Lower Body_Icon.jpg */,
				02DBD90D1C4428DD001DAA83 /* Upper Body_Icon.jpg */,
			);
			name = CustomMenuImage;
			sourceTree = "<group>";
		};
		02E3F4131CA9426400F3EDD0 /* Core Image */ = {
			isa = PBXGroup;
			children = (
				02E3F4071CA9422900F3EDD0 /* Bench knee flutter kicks to knee crunches.jpg */,
				02E3F4081CA9422900F3EDD0 /* Hand plank stability ball knee ups.jpg */,
				02E3F4091CA9422900F3EDD0 /* Med ball.jpg */,
				02E3F40A1CA9422900F3EDD0 /* Standing single arm obliques.jpg */,
				02E3F40B1CA9422900F3EDD0 /* Superman.jpg */,
				02E3F40C1CA9422900F3EDD0 /* V-Ups.jpg */,
			);
			name = "Core Image";
			sourceTree = "<group>";
		};
		02E3F4201CA9427F00F3EDD0 /* Agility Image */ = {
			isa = PBXGroup;
			children = (
				025826B61CE1993E009C2C0E /* Ladder Drills.jpg */,
				02E3F4141CA9427C00F3EDD0 /* 45 degree knee highs.jpg */,
				02E3F4151CA9427C00F3EDD0 /* Explosive burpees.jpg */,
				02E3F4161CA9427C00F3EDD0 /* Front and Side step shuffle.jpg */,
				02E3F4171CA9427C00F3EDD0 /* Parallel Bands.jpg */,
				02E3F4181CA9427C00F3EDD0 /* Rhythmic V-kicks.jpg */,
				02E3F4191CA9427C00F3EDD0 /* Speed skater with cone touch.jpg */,
			);
			name = "Agility Image";
			sourceTree = "<group>";
		};
		02E3F42D1CA942C100F3EDD0 /* Upper Body Image */ = {
			isa = PBXGroup;
			children = (
				02E3F4211CA942BB00F3EDD0 /* Alternating frontal and lateral deltoid lifts.jpg */,
				02E3F4221CA942BB00F3EDD0 /* Dumbbell alternating drop chest press.jpg */,
				02E3F4231CA942BB00F3EDD0 /* Incline bench dumbbell rows.jpg */,
				02E3F4241CA942BB00F3EDD0 /* Press pull biceps curls.jpg */,
				02E3F4251CA942BB00F3EDD0 /* Rollie pollie med ball push up.jpg */,
				02E3F4261CA942BB00F3EDD0 /* Stability ball triceps extension.jpg */,
			);
			name = "Upper Body Image";
			sourceTree = "<group>";
		};
		02E3F43A1CA942EB00F3EDD0 /* Lower Body Image */ = {
			isa = PBXGroup;
			children = (
				02E3F42E1CA942E500F3EDD0 /* Curtsy lunge.jpg */,
				02E3F42F1CA942E500F3EDD0 /* Dumbbell walking lunges.jpg */,
				02E3F4301CA942E500F3EDD0 /* Lateral lunge with plate slide.jpg */,
				02E3F4311CA942E500F3EDD0 /* Med ball pump and jump.jpg */,
				02E3F4321CA942E500F3EDD0 /* Single leg bench squat.jpg */,
				02E3F4331CA942E500F3EDD0 /* Single leg negative sit squats.jpg */,
			);
			name = "Lower Body Image";
			sourceTree = "<group>";
		};
		02E3F4471CA9431900F3EDD0 /* Full Body Image */ = {
			isa = PBXGroup;
			children = (
				02E3F43B1CA9431400F3EDD0 /* Dumbbell squat to arm snatch.jpg */,
				02E3F43C1CA9431400F3EDD0 /* Dumbbell squat to twisting millitary press.jpg */,
				02E3F43D1CA9431400F3EDD0 /* Med ball push up to burpee.jpg */,
				02E3F43E1CA9431400F3EDD0 /* Standing dumbbell woodchop.jpg */,
				02E3F43F1CA9431400F3EDD0 /* Stationary lunge to hammer curl press.jpg */,
				02E3F4401CA9431400F3EDD0 /* Weighted spider-man push ups.jpg */,
			);
			name = "Full Body Image";
			sourceTree = "<group>";
		};
		02EDB1041C43AACF00EC0B03 /* Large Cell */ = {
			isa = PBXGroup;
			children = (
				02EDB0FB1C436D6900EC0B03 /* SimpleTableCell.xib */,
				02747D121C40E6320023D9C8 /* CustomCell.h */,
				02747D131C40E6320023D9C8 /* CustomCell.m */,
			);
			name = "Large Cell";
			sourceTree = "<group>";
		};
/* End PBXGroup section */

/* Begin PBXNativeTarget section */
		0276BE7E1C40958200DCB510 /* chasingFITness */ = {
			isa = PBXNativeTarget;
			buildConfigurationList = 0276BEAF1C40958200DCB510 /* Build configuration list for PBXNativeTarget "chasingFITness" */;
			buildPhases = (
				0276BE7B1C40958200DCB510 /* Sources */,
				0276BE7C1C40958200DCB510 /* Frameworks */,
				0276BE7D1C40958200DCB510 /* Resources */,
			);
			buildRules = (
			);
			dependencies = (
			);
			name = chasingFITness;
			productName = chasingFITness;
			productReference = 0276BE7F1C40958200DCB510 /* chasingFITness.app */;
			productType = "com.apple.product-type.application";
		};
		0276BE9A1C40958200DCB510 /* chasingFITnessTests */ = {
			isa = PBXNativeTarget;
			buildConfigurationList = 0276BEB21C40958200DCB510 /* Build configuration list for PBXNativeTarget "chasingFITnessTests" */;
			buildPhases = (
				0276BE971C40958200DCB510 /* Sources */,
				0276BE981C40958200DCB510 /* Frameworks */,
				0276BE991C40958200DCB510 /* Resources */,
			);
			buildRules = (
			);
			dependencies = (
				0276BE9D1C40958200DCB510 /* PBXTargetDependency */,
			);
			name = chasingFITnessTests;
			productName = chasingFITnessTests;
			productReference = 0276BE9B1C40958200DCB510 /* chasingFITnessTests.xctest */;
			productType = "com.apple.product-type.bundle.unit-test";
		};
		0276BEA51C40958200DCB510 /* chasingFITnessUITests */ = {
			isa = PBXNativeTarget;
			buildConfigurationList = 0276BEB51C40958200DCB510 /* Build configuration list for PBXNativeTarget "chasingFITnessUITests" */;
			buildPhases = (
				0276BEA21C40958200DCB510 /* Sources */,
				0276BEA31C40958200DCB510 /* Frameworks */,
				0276BEA41C40958200DCB510 /* Resources */,
			);
			buildRules = (
			);
			dependencies = (
				0276BEA81C40958200DCB510 /* PBXTargetDependency */,
			);
			name = chasingFITnessUITests;
			productName = chasingFITnessUITests;
			productReference = 0276BEA61C40958200DCB510 /* chasingFITnessUITests.xctest */;
			productType = "com.apple.product-type.bundle.ui-testing";
		};
/* End PBXNativeTarget section */

/* Begin PBXProject section */
		0276BE771C40958200DCB510 /* Project object */ = {
			isa = PBXProject;
			attributes = {
				LastUpgradeCheck = 0720;
				ORGANIZATIONNAME = Patera;
				TargetAttributes = {
					0276BE7E1C40958200DCB510 = {
						CreatedOnToolsVersion = 7.2;
						DevelopmentTeam = ES4Z4D88H9;
						SystemCapabilities = {
							com.apple.InAppPurchase = {
								enabled = 1;
							};
						};
					};
					0276BE9A1C40958200DCB510 = {
						CreatedOnToolsVersion = 7.2;
						TestTargetID = 0276BE7E1C40958200DCB510;
					};
					0276BEA51C40958200DCB510 = {
						CreatedOnToolsVersion = 7.2;
						TestTargetID = 0276BE7E1C40958200DCB510;
					};
				};
			};
			buildConfigurationList = 0276BE7A1C40958200DCB510 /* Build configuration list for PBXProject "chasingFITness" */;
			compatibilityVersion = "Xcode 3.2";
			developmentRegion = English;
			hasScannedForEncodings = 0;
			knownRegions = (
				en,
				Base,
			);
			mainGroup = 0276BE761C40958200DCB510;
			productRefGroup = 0276BE801C40958200DCB510 /* Products */;
			projectDirPath = "";
			projectRoot = "";
			targets = (
				0276BE7E1C40958200DCB510 /* chasingFITness */,
				0276BE9A1C40958200DCB510 /* chasingFITnessTests */,
				0276BEA51C40958200DCB510 /* chasingFITnessUITests */,
			);
		};
/* End PBXProject section */

/* Begin PBXResourcesBuildPhase section */
		0276BE7D1C40958200DCB510 /* Resources */ = {
			isa = PBXResourcesBuildPhase;
			buildActionMask = 2147483647;
			files = (
				02E3F42C1CA942BB00F3EDD0 /* Stability ball triceps extension.jpg in Resources */,
				02331CE01CBA3F2E00A14AD3 /* Med ball.mov in Resources */,
				02331CEF1CBA401800A14AD3 /* Weighted spider-man push ups.mov in Resources */,
				02DBD9191C442D77001DAA83 /* menuButtonImage.png in Resources */,
				02E3F4101CA9422900F3EDD0 /* Standing single arm obliques.jpg in Resources */,
				02E3F41E1CA9427C00F3EDD0 /* Rhythmic V-kicks.jpg in Resources */,
				02E3F4111CA9422900F3EDD0 /* Superman.jpg in Resources */,
				02DBD9101C4428DD001DAA83 /* Full Body Icon_Icon.jpg in Resources */,
				02E3F41D1CA9427C00F3EDD0 /* Parallel Bands.jpg in Resources */,
				02331CEE1CBA401800A14AD3 /* Stationary lunge to hammer curl press.mov in Resources */,
				02DBD9111C4428DD001DAA83 /* Lower Body_Icon.jpg in Resources */,
				02E3F42B1CA942BB00F3EDD0 /* Rollie pollie med ball push up.jpg in Resources */,
				02B120931CB09EFD004CA64C /* CF-Apps-icon-v2-120x.jpg in Resources */,
				02E3F4421CA9431400F3EDD0 /* Dumbbell squat to twisting millitary press.jpg in Resources */,
				02E3F41A1CA9427C00F3EDD0 /* 45 degree knee highs.jpg in Resources */,
				02E3F4461CA9431400F3EDD0 /* Weighted spider-man push ups.jpg in Resources */,
				02E3F4341CA942E500F3EDD0 /* Curtsy lunge.jpg in Resources */,
				02E3F4381CA942E500F3EDD0 /* Single leg bench squat.jpg in Resources */,
				028926D61C4E2A580059C2A4 /* chasingFIT logotypeWHITE.png in Resources */,
				029590B61C61E1AD00B2F304 /* TextData.json in Resources */,
				0276BE951C40958200DCB510 /* LaunchScreen.storyboard in Resources */,
				02E3F41F1CA9427C00F3EDD0 /* Speed skater with cone touch.jpg in Resources */,
				02331CD41CBA3E6E00A14AD3 /* Front and Side step shuffle.mov in Resources */,
				02331CED1CBA401800A14AD3 /* Standing dumbbell woodchop.mov in Resources */,
				02331CFB1CBA40B300A14AD3 /* Single leg negative sit squats.mov in Resources */,
				024C231D1C7B161C00B0F31D /* CustomCellBuildWorkout.xib in Resources */,
				02E3F4121CA9422900F3EDD0 /* V-Ups.jpg in Resources */,
				02B120971CB09EFD004CA64C /* CF-Apps-icon-v2-1024x.jpg in Resources */,
				02331CD51CBA3E6E00A14AD3 /* Parallel Bands.mov in Resources */,
				02E3F4291CA942BB00F3EDD0 /* Incline bench dumbbell rows.jpg in Resources */,
				02E3F4391CA942E500F3EDD0 /* Single leg negative sit squats.jpg in Resources */,
				02331D021CBA41B900A14AD3 /* Alternating frontal and lateral deltoid lifts.mov in Resources */,
				02331CDE1CBA3F2E00A14AD3 /* Bench knee flutter kicks to knee crunches.mov in Resources */,
				02331CD21CBA3E6E00A14AD3 /* 45 degree knee highs.mov in Resources */,
				02331D071CBA41B900A14AD3 /* Stability ball triceps extension.mov in Resources */,
				02E3F4361CA942E500F3EDD0 /* Lateral lunge with plate slide.jpg in Resources */,
				02331CF91CBA40B300A14AD3 /* Med ball pump and jump.mov in Resources */,
				02331CE31CBA3F2E00A14AD3 /* V-Ups.mov in Resources */,
				02B120981CB09EFD004CA64C /* CF-Apps-icon-v2-1024x.png in Resources */,
				02331D041CBA41B900A14AD3 /* Incline bench dumbbell rows.mov in Resources */,
				0294D0A61CC9FC0E0037B013 /* Ladder Drills.mov in Resources */,
				028111A61C643606007DE964 /* playButton.png in Resources */,
				023ACA471CE271720011D98A /* swipeleft.png in Resources */,
				02331CE21CBA3F2E00A14AD3 /* Superman.mov in Resources */,
				02E3F40D1CA9422900F3EDD0 /* Bench knee flutter kicks to knee crunches.jpg in Resources */,
				02DBD9171C442B5C001DAA83 /* slider3.jpg in Resources */,
				02331CE11CBA3F2E00A14AD3 /* Standing single arm obliques.mov in Resources */,
				025826B71CE1993E009C2C0E /* Ladder Drills.jpg in Resources */,
				02E3F40E1CA9422900F3EDD0 /* Hand plank stability ball knee ups.jpg in Resources */,
				02E3F4281CA942BB00F3EDD0 /* Dumbbell alternating drop chest press.jpg in Resources */,
				02B120961CB09EFD004CA64C /* CF-Apps-icon-v2-180x.png in Resources */,
				02331CF81CBA40B300A14AD3 /* Lateral lunge with plate slide.mov in Resources */,
				02DBD90E1C4428DD001DAA83 /* Agility_Icon.jpg in Resources */,
				02B120941CB09EFD004CA64C /* CF-Apps-icon-v2-120x.png in Resources */,
				028926D51C4E2A580059C2A4 /* chasingFIT logotypeBLACK.png in Resources */,
				02331CF61CBA40B300A14AD3 /* Curtsy lunge.mov in Resources */,
				021BC1631C79C7DF009CEC4C /* Main.storyboard in Resources */,
				02E3F41B1CA9427C00F3EDD0 /* Explosive burpees.jpg in Resources */,
				02E3F41C1CA9427C00F3EDD0 /* Front and Side step shuffle.jpg in Resources */,
				02EDB0FC1C436D6900EC0B03 /* SimpleTableCell.xib in Resources */,
				02331CEA1CBA401800A14AD3 /* Dumbbell squat to arm snatch.mov in Resources */,
				02331D061CBA41B900A14AD3 /* Rollie pollie med ball push up.mov in Resources */,
				02DBD9151C442A74001DAA83 /* Full Body Icon_Splash.jpg in Resources */,
				02331CEC1CBA401800A14AD3 /* Med ball push up to burpee.mov in Resources */,
				02331CD61CBA3E6E00A14AD3 /* Rhythmic V-kicks.mov in Resources */,
				02E3F40F1CA9422900F3EDD0 /* Med ball.jpg in Resources */,
				02DBD90F1C4428DD001DAA83 /* Core_Icon.jpg in Resources */,
				02E3F4441CA9431400F3EDD0 /* Standing dumbbell woodchop.jpg in Resources */,
				02331CDF1CBA3F2E00A14AD3 /* Hand plank stability ball knee ups.mov in Resources */,
				02331CEB1CBA401800A14AD3 /* Dumbbell squat to twisting millitary press.mov in Resources */,
				027DA2101CAE1B62007FE515 /* chasingFit.png in Resources */,
				02331D031CBA41B900A14AD3 /* Dumbbell alternating drop chest press.mov in Resources */,
				02D99A381C7D991A00173D7C /* VideoCustomView.xib in Resources */,
				02D2E4FD1CB9F68500F2D9A1 /* CustomSavedRoutinesCell.xib in Resources */,
				029036571CD9CB6A00F18A6E /* PurchaseViewController.xib in Resources */,
				02331CFA1CBA40B300A14AD3 /* Single leg bench squat.mov in Resources */,
				02E3F4271CA942BB00F3EDD0 /* Alternating frontal and lateral deltoid lifts.jpg in Resources */,
				02331CD71CBA3E6E00A14AD3 /* Speed skater with cone touch.mov in Resources */,
				02E3F4371CA942E500F3EDD0 /* Med ball pump and jump.jpg in Resources */,
				02DBD9121C4428DD001DAA83 /* Upper Body_Icon.jpg in Resources */,
				02E3F4451CA9431400F3EDD0 /* Stationary lunge to hammer curl press.jpg in Resources */,
				02B120951CB09EFD004CA64C /* CF-Apps-icon-v2-180x.jpg in Resources */,
				02E3F4351CA942E500F3EDD0 /* Dumbbell walking lunges.jpg in Resources */,
				0276BE921C40958200DCB510 /* Assets.xcassets in Resources */,
				02E3F4411CA9431400F3EDD0 /* Dumbbell squat to arm snatch.jpg in Resources */,
				02331CF71CBA40B300A14AD3 /* Dumbbell walking lunges.mov in Resources */,
				02E3F42A1CA942BB00F3EDD0 /* Press pull biceps curls.jpg in Resources */,
				02331D051CBA41B900A14AD3 /* Press pull biceps curls.mov in Resources */,
				02E3F4431CA9431400F3EDD0 /* Med ball push up to burpee.jpg in Resources */,
				02331CD31CBA3E6E00A14AD3 /* Explosive burpees.mov in Resources */,
				029590BC1C61F77900B2F304 /* intro.mov in Resources */,
			);
			runOnlyForDeploymentPostprocessing = 0;
		};
		0276BE991C40958200DCB510 /* Resources */ = {
			isa = PBXResourcesBuildPhase;
			buildActionMask = 2147483647;
			files = (
			);
			runOnlyForDeploymentPostprocessing = 0;
		};
		0276BEA41C40958200DCB510 /* Resources */ = {
			isa = PBXResourcesBuildPhase;
			buildActionMask = 2147483647;
			files = (
			);
			runOnlyForDeploymentPostprocessing = 0;
		};
/* End PBXResourcesBuildPhase section */

/* Begin PBXSourcesBuildPhase section */
		0276BE7B1C40958200DCB510 /* Sources */ = {
			isa = PBXSourcesBuildPhase;
			buildActionMask = 2147483647;
			files = (
				02747D111C40E54A0023D9C8 /* ListOfExercises.m in Sources */,
				023F118B1C915D5000DB0CE9 /* SWRevealViewController.m in Sources */,
				024C231B1C7B15F100B0F31D /* CustomCellBuildWorkout.m in Sources */,
				02D2E4FB1CB9F64500F2D9A1 /* CustomSavedRoutinesCell.m in Sources */,
				0276BE901C40958200DCB510 /* chasingFITness.xcdatamodeld in Sources */,
				02747D141C40E6320023D9C8 /* CustomCell.m in Sources */,
				025826B51CE19372009C2C0E /* FAQ.m in Sources */,
				028926D01C4E22220059C2A4 /* VideoView.m in Sources */,
				02D99A331C7D979E00173D7C /* MultiVideoViewController.m in Sources */,
				02D99A361C7D990600173D7C /* VideoCustomView.m in Sources */,
				028117FD1C509E3C001E45AE /* AVPlayerClass.m in Sources */,
				023F118E1C9162F700DB0CE9 /* slideMenuViewController.m in Sources */,
				02E3F3EC1CA929D300F3EDD0 /* ContactsViewController.m in Sources */,
				029036531CD9C8E300F18A6E /* PurchaseViewController.m in Sources */,
				02D99A3E1C7DAC8C00173D7C /* NavigationViewController.m in Sources */,
				029590B21C61CD3700B2F304 /* readData.m in Sources */,
				026B01851C48BD40005FED38 /* SelectTimerController.m in Sources */,
				024383861C462675007BCE3F /* ListOfPractices.m in Sources */,
				0276BE8A1C40958200DCB510 /* ViewController.m in Sources */,
				026B017F1C48A36B005FED38 /* collectionCell.m in Sources */,
				027DA2131CAE3DD1007FE515 /* MenuListOfExercises.m in Sources */,
				02D116A21CB2465000207176 /* CustomWorkoutSetClass.m in Sources */,
				029590BF1C6203B300B2F304 /* buildWorkoutViewController.m in Sources */,
				0276BE871C40958200DCB510 /* AppDelegate.m in Sources */,
				02D2E4F81CB9F37800F2D9A1 /* SaveRoutinesViewController.m in Sources */,
				0276BE841C40958200DCB510 /* main.m in Sources */,
			);
			runOnlyForDeploymentPostprocessing = 0;
		};
		0276BE971C40958200DCB510 /* Sources */ = {
			isa = PBXSourcesBuildPhase;
			buildActionMask = 2147483647;
			files = (
				0276BEA01C40958200DCB510 /* chasingFITnessTests.m in Sources */,
			);
			runOnlyForDeploymentPostprocessing = 0;
		};
		0276BEA21C40958200DCB510 /* Sources */ = {
			isa = PBXSourcesBuildPhase;
			buildActionMask = 2147483647;
			files = (
				0276BEAB1C40958200DCB510 /* chasingFITnessUITests.m in Sources */,
			);
			runOnlyForDeploymentPostprocessing = 0;
		};
/* End PBXSourcesBuildPhase section */

/* Begin PBXTargetDependency section */
		0276BE9D1C40958200DCB510 /* PBXTargetDependency */ = {
			isa = PBXTargetDependency;
			target = 0276BE7E1C40958200DCB510 /* chasingFITness */;
			targetProxy = 0276BE9C1C40958200DCB510 /* PBXContainerItemProxy */;
		};
		0276BEA81C40958200DCB510 /* PBXTargetDependency */ = {
			isa = PBXTargetDependency;
			target = 0276BE7E1C40958200DCB510 /* chasingFITness */;
			targetProxy = 0276BEA71C40958200DCB510 /* PBXContainerItemProxy */;
		};
/* End PBXTargetDependency section */

/* Begin PBXVariantGroup section */
		0276BE931C40958200DCB510 /* LaunchScreen.storyboard */ = {
			isa = PBXVariantGroup;
			children = (
				0276BE941C40958200DCB510 /* Base */,
			);
			name = LaunchScreen.storyboard;
			sourceTree = "<group>";
		};
/* End PBXVariantGroup section */

/* Begin XCBuildConfiguration section */
		0276BEAD1C40958200DCB510 /* Debug */ = {
			isa = XCBuildConfiguration;
			buildSettings = {
				ALWAYS_SEARCH_USER_PATHS = NO;
				CLANG_CXX_LANGUAGE_STANDARD = "gnu++0x";
				CLANG_CXX_LIBRARY = "libc++";
				CLANG_ENABLE_MODULES = YES;
				CLANG_ENABLE_OBJC_ARC = YES;
				CLANG_WARN_BOOL_CONVERSION = YES;
				CLANG_WARN_CONSTANT_CONVERSION = YES;
				CLANG_WARN_DIRECT_OBJC_ISA_USAGE = YES_ERROR;
				CLANG_WARN_EMPTY_BODY = YES;
				CLANG_WARN_ENUM_CONVERSION = YES;
				CLANG_WARN_INT_CONVERSION = YES;
				CLANG_WARN_OBJC_ROOT_CLASS = YES_ERROR;
				CLANG_WARN_UNREACHABLE_CODE = YES;
				CLANG_WARN__DUPLICATE_METHOD_MATCH = YES;
				"CODE_SIGN_IDENTITY[sdk=iphoneos*]" = "iPhone Developer";
				COPY_PHASE_STRIP = NO;
				DEBUG_INFORMATION_FORMAT = dwarf;
				ENABLE_STRICT_OBJC_MSGSEND = YES;
				ENABLE_TESTABILITY = YES;
				GCC_C_LANGUAGE_STANDARD = gnu99;
				GCC_DYNAMIC_NO_PIC = NO;
				GCC_NO_COMMON_BLOCKS = YES;
				GCC_OPTIMIZATION_LEVEL = 0;
				GCC_PREPROCESSOR_DEFINITIONS = (
					"DEBUG=1",
					"$(inherited)",
				);
				GCC_WARN_64_TO_32_BIT_CONVERSION = YES;
				GCC_WARN_ABOUT_RETURN_TYPE = YES_ERROR;
				GCC_WARN_UNDECLARED_SELECTOR = YES;
				GCC_WARN_UNINITIALIZED_AUTOS = YES_AGGRESSIVE;
				GCC_WARN_UNUSED_FUNCTION = YES;
				GCC_WARN_UNUSED_VARIABLE = YES;
				IPHONEOS_DEPLOYMENT_TARGET = 9.2;
				MTL_ENABLE_DEBUG_INFO = YES;
				ONLY_ACTIVE_ARCH = YES;
				SDKROOT = iphoneos;
				TARGETED_DEVICE_FAMILY = "1,2";
			};
			name = Debug;
		};
		0276BEAE1C40958200DCB510 /* Release */ = {
			isa = XCBuildConfiguration;
			buildSettings = {
				ALWAYS_SEARCH_USER_PATHS = NO;
				CLANG_CXX_LANGUAGE_STANDARD = "gnu++0x";
				CLANG_CXX_LIBRARY = "libc++";
				CLANG_ENABLE_MODULES = YES;
				CLANG_ENABLE_OBJC_ARC = YES;
				CLANG_WARN_BOOL_CONVERSION = YES;
				CLANG_WARN_CONSTANT_CONVERSION = YES;
				CLANG_WARN_DIRECT_OBJC_ISA_USAGE = YES_ERROR;
				CLANG_WARN_EMPTY_BODY = YES;
				CLANG_WARN_ENUM_CONVERSION = YES;
				CLANG_WARN_INT_CONVERSION = YES;
				CLANG_WARN_OBJC_ROOT_CLASS = YES_ERROR;
				CLANG_WARN_UNREACHABLE_CODE = YES;
				CLANG_WARN__DUPLICATE_METHOD_MATCH = YES;
				"CODE_SIGN_IDENTITY[sdk=iphoneos*]" = "iPhone Developer";
				COPY_PHASE_STRIP = NO;
				DEBUG_INFORMATION_FORMAT = "dwarf-with-dsym";
				ENABLE_NS_ASSERTIONS = NO;
				ENABLE_STRICT_OBJC_MSGSEND = YES;
				GCC_C_LANGUAGE_STANDARD = gnu99;
				GCC_NO_COMMON_BLOCKS = YES;
				GCC_WARN_64_TO_32_BIT_CONVERSION = YES;
				GCC_WARN_ABOUT_RETURN_TYPE = YES_ERROR;
				GCC_WARN_UNDECLARED_SELECTOR = YES;
				GCC_WARN_UNINITIALIZED_AUTOS = YES_AGGRESSIVE;
				GCC_WARN_UNUSED_FUNCTION = YES;
				GCC_WARN_UNUSED_VARIABLE = YES;
				IPHONEOS_DEPLOYMENT_TARGET = 9.2;
				MTL_ENABLE_DEBUG_INFO = NO;
				SDKROOT = iphoneos;
				TARGETED_DEVICE_FAMILY = "1,2";
				VALIDATE_PRODUCT = YES;
			};
			name = Release;
		};
		0276BEB01C40958200DCB510 /* Debug */ = {
			isa = XCBuildConfiguration;
			buildSettings = {
				ASSETCATALOG_COMPILER_APPICON_NAME = AppIcon;
				CLANG_ENABLE_MODULES = YES;
				CODE_SIGN_IDENTITY = "iPhone Developer";
				"CODE_SIGN_IDENTITY[sdk=iphoneos*]" = "iPhone Developer";
				INFOPLIST_FILE = chasingFITness/Info.plist;
				IPHONEOS_DEPLOYMENT_TARGET = 9.3;
				LD_RUNPATH_SEARCH_PATHS = "$(inherited) @executable_path/Frameworks";
				PRODUCT_BUNDLE_IDENTIFIER = com.Patera.chasingFITness;
				PRODUCT_NAME = "$(TARGET_NAME)";
				PROVISIONING_PROFILE = "";
				SWIFT_OBJC_BRIDGING_HEADER = "chasingFITness-Bridging-Header.h";
				SWIFT_OPTIMIZATION_LEVEL = "-Onone";
				TARGETED_DEVICE_FAMILY = "1,2";
			};
			name = Debug;
		};
		0276BEB11C40958200DCB510 /* Release */ = {
			isa = XCBuildConfiguration;
			buildSettings = {
				ASSETCATALOG_COMPILER_APPICON_NAME = AppIcon;
				CLANG_ENABLE_MODULES = YES;
				CODE_SIGN_IDENTITY = "iPhone Developer";
				"CODE_SIGN_IDENTITY[sdk=iphoneos*]" = "iPhone Developer";
				INFOPLIST_FILE = chasingFITness/Info.plist;
				IPHONEOS_DEPLOYMENT_TARGET = 9.3;
				LD_RUNPATH_SEARCH_PATHS = "$(inherited) @executable_path/Frameworks";
				PRODUCT_BUNDLE_IDENTIFIER = com.Patera.chasingFITness;
				PRODUCT_NAME = "$(TARGET_NAME)";
				PROVISIONING_PROFILE = "";
				SWIFT_OBJC_BRIDGING_HEADER = "chasingFITness-Bridging-Header.h";
				TARGETED_DEVICE_FAMILY = "1,2";
			};
			name = Release;
		};
		0276BEB31C40958200DCB510 /* Debug */ = {
			isa = XCBuildConfiguration;
			buildSettings = {
				BUNDLE_LOADER = "$(TEST_HOST)";
				INFOPLIST_FILE = chasingFITnessTests/Info.plist;
				LD_RUNPATH_SEARCH_PATHS = "$(inherited) @executable_path/Frameworks @loader_path/Frameworks";
				PRODUCT_BUNDLE_IDENTIFIER = com.Patera.chasingFITnessTests;
				PRODUCT_NAME = "$(TARGET_NAME)";
				TEST_HOST = "$(BUILT_PRODUCTS_DIR)/chasingFITness.app/chasingFITness";
			};
			name = Debug;
		};
		0276BEB41C40958200DCB510 /* Release */ = {
			isa = XCBuildConfiguration;
			buildSettings = {
				BUNDLE_LOADER = "$(TEST_HOST)";
				INFOPLIST_FILE = chasingFITnessTests/Info.plist;
				LD_RUNPATH_SEARCH_PATHS = "$(inherited) @executable_path/Frameworks @loader_path/Frameworks";
				PRODUCT_BUNDLE_IDENTIFIER = com.Patera.chasingFITnessTests;
				PRODUCT_NAME = "$(TARGET_NAME)";
				TEST_HOST = "$(BUILT_PRODUCTS_DIR)/chasingFITness.app/chasingFITness";
			};
			name = Release;
		};
		0276BEB61C40958200DCB510 /* Debug */ = {
			isa = XCBuildConfiguration;
			buildSettings = {
				INFOPLIST_FILE = chasingFITnessUITests/Info.plist;
				LD_RUNPATH_SEARCH_PATHS = "$(inherited) @executable_path/Frameworks @loader_path/Frameworks";
				PRODUCT_BUNDLE_IDENTIFIER = com.Patera.chasingFITnessUITests;
				PRODUCT_NAME = "$(TARGET_NAME)";
				TEST_TARGET_NAME = chasingFITness;
				USES_XCTRUNNER = YES;
			};
			name = Debug;
		};
		0276BEB71C40958200DCB510 /* Release */ = {
			isa = XCBuildConfiguration;
			buildSettings = {
				INFOPLIST_FILE = chasingFITnessUITests/Info.plist;
				LD_RUNPATH_SEARCH_PATHS = "$(inherited) @executable_path/Frameworks @loader_path/Frameworks";
				PRODUCT_BUNDLE_IDENTIFIER = com.Patera.chasingFITnessUITests;
				PRODUCT_NAME = "$(TARGET_NAME)";
				TEST_TARGET_NAME = chasingFITness;
				USES_XCTRUNNER = YES;
			};
			name = Release;
		};
/* End XCBuildConfiguration section */

/* Begin XCConfigurationList section */
		0276BE7A1C40958200DCB510 /* Build configuration list for PBXProject "chasingFITness" */ = {
			isa = XCConfigurationList;
			buildConfigurations = (
				0276BEAD1C40958200DCB510 /* Debug */,
				0276BEAE1C40958200DCB510 /* Release */,
			);
			defaultConfigurationIsVisible = 0;
			defaultConfigurationName = Release;
		};
		0276BEAF1C40958200DCB510 /* Build configuration list for PBXNativeTarget "chasingFITness" */ = {
			isa = XCConfigurationList;
			buildConfigurations = (
				0276BEB01C40958200DCB510 /* Debug */,
				0276BEB11C40958200DCB510 /* Release */,
			);
			defaultConfigurationIsVisible = 0;
			defaultConfigurationName = Release;
		};
		0276BEB21C40958200DCB510 /* Build configuration list for PBXNativeTarget "chasingFITnessTests" */ = {
			isa = XCConfigurationList;
			buildConfigurations = (
				0276BEB31C40958200DCB510 /* Debug */,
				0276BEB41C40958200DCB510 /* Release */,
			);
			defaultConfigurationIsVisible = 0;
			defaultConfigurationName = Release;
		};
		0276BEB51C40958200DCB510 /* Build configuration list for PBXNativeTarget "chasingFITnessUITests" */ = {
			isa = XCConfigurationList;
			buildConfigurations = (
				0276BEB61C40958200DCB510 /* Debug */,
				0276BEB71C40958200DCB510 /* Release */,
			);
			defaultConfigurationIsVisible = 0;
			defaultConfigurationName = Release;
		};
/* End XCConfigurationList section */

/* Begin XCVersionGroup section */
		0276BE8E1C40958200DCB510 /* chasingFITness.xcdatamodeld */ = {
			isa = XCVersionGroup;
			children = (
				0276BE8F1C40958200DCB510 /* chasingFITness.xcdatamodel */,
			);
			currentVersion = 0276BE8F1C40958200DCB510 /* chasingFITness.xcdatamodel */;
			path = chasingFITness.xcdatamodeld;
			sourceTree = "<group>";
			versionGroupType = wrapper.xcdatamodel;
		};
/* End XCVersionGroup section */
	};
	rootObject = 0276BE771C40958200DCB510 /* Project object */;
}
